// !$*UTF8*$!
{
	archiveVersion = 1;
	classes = {
	};
	objectVersion = 56;
	objects = {

/* Begin PBXBuildFile section */
		A868D18829C025D3009FD2A0 /* Fish Bash Sound.mp3 in Resources */ = {isa = PBXBuildFile; fileRef = A868D18729C025D3009FD2A0 /* Fish Bash Sound.mp3 */; };
		A868D18929C025D3009FD2A0 /* Fish Bash Sound.mp3 in Resources */ = {isa = PBXBuildFile; fileRef = A868D18729C025D3009FD2A0 /* Fish Bash Sound.mp3 */; };
		A868D18A29C025D3009FD2A0 /* Fish Bash Sound.mp3 in Resources */ = {isa = PBXBuildFile; fileRef = A868D18729C025D3009FD2A0 /* Fish Bash Sound.mp3 */; };
		A868D19329C025EB009FD2A0 /* Fish Off Sound.mp3 in Resources */ = {isa = PBXBuildFile; fileRef = A868D18B29C025EB009FD2A0 /* Fish Off Sound.mp3 */; };
		A868D19429C025EB009FD2A0 /* Fish Off Sound.mp3 in Resources */ = {isa = PBXBuildFile; fileRef = A868D18B29C025EB009FD2A0 /* Fish Off Sound.mp3 */; };
		A868D19529C025EB009FD2A0 /* Fish Off Sound.mp3 in Resources */ = {isa = PBXBuildFile; fileRef = A868D18B29C025EB009FD2A0 /* Fish Off Sound.mp3 */; };
		A868D19629C025EB009FD2A0 /* Game Over Sound.mp3 in Resources */ = {isa = PBXBuildFile; fileRef = A868D18C29C025EB009FD2A0 /* Game Over Sound.mp3 */; };
		A868D19729C025EB009FD2A0 /* Game Over Sound.mp3 in Resources */ = {isa = PBXBuildFile; fileRef = A868D18C29C025EB009FD2A0 /* Game Over Sound.mp3 */; };
		A868D19829C025EB009FD2A0 /* Game Over Sound.mp3 in Resources */ = {isa = PBXBuildFile; fileRef = A868D18C29C025EB009FD2A0 /* Game Over Sound.mp3 */; };
		A868D19929C025EB009FD2A0 /* Reel Tick Sound.mp3 in Resources */ = {isa = PBXBuildFile; fileRef = A868D18D29C025EB009FD2A0 /* Reel Tick Sound.mp3 */; };
		A868D19A29C025EB009FD2A0 /* Reel Tick Sound.mp3 in Resources */ = {isa = PBXBuildFile; fileRef = A868D18D29C025EB009FD2A0 /* Reel Tick Sound.mp3 */; };
		A868D19B29C025EB009FD2A0 /* Reel Tick Sound.mp3 in Resources */ = {isa = PBXBuildFile; fileRef = A868D18D29C025EB009FD2A0 /* Reel Tick Sound.mp3 */; };
		A868D19C29C025EB009FD2A0 /* Fish Caught.mp3 in Resources */ = {isa = PBXBuildFile; fileRef = A868D18E29C025EB009FD2A0 /* Fish Caught.mp3 */; };
		A868D19D29C025EB009FD2A0 /* Fish Caught.mp3 in Resources */ = {isa = PBXBuildFile; fileRef = A868D18E29C025EB009FD2A0 /* Fish Caught.mp3 */; };
		A868D19E29C025EB009FD2A0 /* Fish Caught.mp3 in Resources */ = {isa = PBXBuildFile; fileRef = A868D18E29C025EB009FD2A0 /* Fish Caught.mp3 */; };
		A868D19F29C025EB009FD2A0 /* Yum Fish Sound.mp3 in Resources */ = {isa = PBXBuildFile; fileRef = A868D18F29C025EB009FD2A0 /* Yum Fish Sound.mp3 */; };
		A868D1A029C025EB009FD2A0 /* Yum Fish Sound.mp3 in Resources */ = {isa = PBXBuildFile; fileRef = A868D18F29C025EB009FD2A0 /* Yum Fish Sound.mp3 */; };
		A868D1A129C025EB009FD2A0 /* Yum Fish Sound.mp3 in Resources */ = {isa = PBXBuildFile; fileRef = A868D18F29C025EB009FD2A0 /* Yum Fish Sound.mp3 */; };
		A868D1A229C025EB009FD2A0 /* Zombie Sound.mp3 in Resources */ = {isa = PBXBuildFile; fileRef = A868D19029C025EB009FD2A0 /* Zombie Sound.mp3 */; };
		A868D1A329C025EB009FD2A0 /* Zombie Sound.mp3 in Resources */ = {isa = PBXBuildFile; fileRef = A868D19029C025EB009FD2A0 /* Zombie Sound.mp3 */; };
		A868D1A429C025EB009FD2A0 /* Zombie Sound.mp3 in Resources */ = {isa = PBXBuildFile; fileRef = A868D19029C025EB009FD2A0 /* Zombie Sound.mp3 */; };
		A868D1A529C025EB009FD2A0 /* Reel Start Sound.mp3 in Resources */ = {isa = PBXBuildFile; fileRef = A868D19129C025EB009FD2A0 /* Reel Start Sound.mp3 */; };
		A868D1A629C025EB009FD2A0 /* Reel Start Sound.mp3 in Resources */ = {isa = PBXBuildFile; fileRef = A868D19129C025EB009FD2A0 /* Reel Start Sound.mp3 */; };
		A868D1A729C025EB009FD2A0 /* Reel Start Sound.mp3 in Resources */ = {isa = PBXBuildFile; fileRef = A868D19129C025EB009FD2A0 /* Reel Start Sound.mp3 */; };
		A868D1A829C025EB009FD2A0 /* Fishing Ambience Sound.mp3 in Resources */ = {isa = PBXBuildFile; fileRef = A868D19229C025EB009FD2A0 /* Fishing Ambience Sound.mp3 */; };
		A868D1A929C025EB009FD2A0 /* Fishing Ambience Sound.mp3 in Resources */ = {isa = PBXBuildFile; fileRef = A868D19229C025EB009FD2A0 /* Fishing Ambience Sound.mp3 */; };
		A868D1AA29C025EB009FD2A0 /* Fishing Ambience Sound.mp3 in Resources */ = {isa = PBXBuildFile; fileRef = A868D19229C025EB009FD2A0 /* Fishing Ambience Sound.mp3 */; };
		A868D1B829C0266B009FD2A0 /* Vector3.swift in Sources */ = {isa = PBXBuildFile; fileRef = A868D1AC29C0266B009FD2A0 /* Vector3.swift */; };
		A868D1B929C0266B009FD2A0 /* Vector3.swift in Sources */ = {isa = PBXBuildFile; fileRef = A868D1AC29C0266B009FD2A0 /* Vector3.swift */; };
		A868D1BA29C0266B009FD2A0 /* Vector3.swift in Sources */ = {isa = PBXBuildFile; fileRef = A868D1AC29C0266B009FD2A0 /* Vector3.swift */; };
		A868D1BB29C0266B009FD2A0 /* CGFloat+Extensions.swift in Sources */ = {isa = PBXBuildFile; fileRef = A868D1AD29C0266B009FD2A0 /* CGFloat+Extensions.swift */; };
		A868D1BC29C0266B009FD2A0 /* CGFloat+Extensions.swift in Sources */ = {isa = PBXBuildFile; fileRef = A868D1AD29C0266B009FD2A0 /* CGFloat+Extensions.swift */; };
		A868D1BD29C0266B009FD2A0 /* CGFloat+Extensions.swift in Sources */ = {isa = PBXBuildFile; fileRef = A868D1AD29C0266B009FD2A0 /* CGFloat+Extensions.swift */; };
		A868D1BE29C0266B009FD2A0 /* CGVector+Extensions.swift in Sources */ = {isa = PBXBuildFile; fileRef = A868D1AE29C0266B009FD2A0 /* CGVector+Extensions.swift */; };
		A868D1BF29C0266B009FD2A0 /* CGVector+Extensions.swift in Sources */ = {isa = PBXBuildFile; fileRef = A868D1AE29C0266B009FD2A0 /* CGVector+Extensions.swift */; };
		A868D1C029C0266B009FD2A0 /* CGVector+Extensions.swift in Sources */ = {isa = PBXBuildFile; fileRef = A868D1AE29C0266B009FD2A0 /* CGVector+Extensions.swift */; };
		A868D1C129C0266B009FD2A0 /* SKColor+Extensions.swift in Sources */ = {isa = PBXBuildFile; fileRef = A868D1AF29C0266B009FD2A0 /* SKColor+Extensions.swift */; };
		A868D1C229C0266B009FD2A0 /* SKColor+Extensions.swift in Sources */ = {isa = PBXBuildFile; fileRef = A868D1AF29C0266B009FD2A0 /* SKColor+Extensions.swift */; };
		A868D1C329C0266B009FD2A0 /* SKColor+Extensions.swift in Sources */ = {isa = PBXBuildFile; fileRef = A868D1AF29C0266B009FD2A0 /* SKColor+Extensions.swift */; };
		A868D1C429C0266B009FD2A0 /* SKTTimingFunctions.swift in Sources */ = {isa = PBXBuildFile; fileRef = A868D1B029C0266B009FD2A0 /* SKTTimingFunctions.swift */; };
		A868D1C529C0266B009FD2A0 /* SKTTimingFunctions.swift in Sources */ = {isa = PBXBuildFile; fileRef = A868D1B029C0266B009FD2A0 /* SKTTimingFunctions.swift */; };
		A868D1C629C0266B009FD2A0 /* SKTTimingFunctions.swift in Sources */ = {isa = PBXBuildFile; fileRef = A868D1B029C0266B009FD2A0 /* SKTTimingFunctions.swift */; };
		A868D1C729C0266B009FD2A0 /* SKTAudio.swift in Sources */ = {isa = PBXBuildFile; fileRef = A868D1B129C0266B009FD2A0 /* SKTAudio.swift */; };
		A868D1C829C0266B009FD2A0 /* SKTAudio.swift in Sources */ = {isa = PBXBuildFile; fileRef = A868D1B129C0266B009FD2A0 /* SKTAudio.swift */; };
		A868D1C929C0266B009FD2A0 /* SKTAudio.swift in Sources */ = {isa = PBXBuildFile; fileRef = A868D1B129C0266B009FD2A0 /* SKTAudio.swift */; };
		A868D1CA29C0266B009FD2A0 /* SKAction+SpecialEffects.swift in Sources */ = {isa = PBXBuildFile; fileRef = A868D1B229C0266B009FD2A0 /* SKAction+SpecialEffects.swift */; };
		A868D1CB29C0266B009FD2A0 /* SKAction+SpecialEffects.swift in Sources */ = {isa = PBXBuildFile; fileRef = A868D1B229C0266B009FD2A0 /* SKAction+SpecialEffects.swift */; };
		A868D1CC29C0266B009FD2A0 /* SKAction+SpecialEffects.swift in Sources */ = {isa = PBXBuildFile; fileRef = A868D1B229C0266B009FD2A0 /* SKAction+SpecialEffects.swift */; };
		A868D1CD29C0266B009FD2A0 /* SKAction+Extensions.swift in Sources */ = {isa = PBXBuildFile; fileRef = A868D1B329C0266B009FD2A0 /* SKAction+Extensions.swift */; };
		A868D1CE29C0266B009FD2A0 /* SKAction+Extensions.swift in Sources */ = {isa = PBXBuildFile; fileRef = A868D1B329C0266B009FD2A0 /* SKAction+Extensions.swift */; };
		A868D1CF29C0266B009FD2A0 /* SKAction+Extensions.swift in Sources */ = {isa = PBXBuildFile; fileRef = A868D1B329C0266B009FD2A0 /* SKAction+Extensions.swift */; };
		A868D1D029C0266B009FD2A0 /* Int+Extensions.swift in Sources */ = {isa = PBXBuildFile; fileRef = A868D1B429C0266B009FD2A0 /* Int+Extensions.swift */; };
		A868D1D129C0266B009FD2A0 /* Int+Extensions.swift in Sources */ = {isa = PBXBuildFile; fileRef = A868D1B429C0266B009FD2A0 /* Int+Extensions.swift */; };
		A868D1D229C0266B009FD2A0 /* Int+Extensions.swift in Sources */ = {isa = PBXBuildFile; fileRef = A868D1B429C0266B009FD2A0 /* Int+Extensions.swift */; };
		A868D1D329C0266B009FD2A0 /* CGPoint+Extensions.swift in Sources */ = {isa = PBXBuildFile; fileRef = A868D1B529C0266B009FD2A0 /* CGPoint+Extensions.swift */; };
		A868D1D429C0266B009FD2A0 /* CGPoint+Extensions.swift in Sources */ = {isa = PBXBuildFile; fileRef = A868D1B529C0266B009FD2A0 /* CGPoint+Extensions.swift */; };
		A868D1D529C0266B009FD2A0 /* CGPoint+Extensions.swift in Sources */ = {isa = PBXBuildFile; fileRef = A868D1B529C0266B009FD2A0 /* CGPoint+Extensions.swift */; };
		A868D1D629C0266B009FD2A0 /* SKNode+Extensions.swift in Sources */ = {isa = PBXBuildFile; fileRef = A868D1B629C0266B009FD2A0 /* SKNode+Extensions.swift */; };
		A868D1D729C0266B009FD2A0 /* SKNode+Extensions.swift in Sources */ = {isa = PBXBuildFile; fileRef = A868D1B629C0266B009FD2A0 /* SKNode+Extensions.swift */; };
		A868D1D829C0266B009FD2A0 /* SKNode+Extensions.swift in Sources */ = {isa = PBXBuildFile; fileRef = A868D1B629C0266B009FD2A0 /* SKNode+Extensions.swift */; };
		A868D1D929C0266B009FD2A0 /* SKTEffects.swift in Sources */ = {isa = PBXBuildFile; fileRef = A868D1B729C0266B009FD2A0 /* SKTEffects.swift */; };
		A868D1DA29C0266B009FD2A0 /* SKTEffects.swift in Sources */ = {isa = PBXBuildFile; fileRef = A868D1B729C0266B009FD2A0 /* SKTEffects.swift */; };
		A868D1DB29C0266B009FD2A0 /* SKTEffects.swift in Sources */ = {isa = PBXBuildFile; fileRef = A868D1B729C0266B009FD2A0 /* SKTEffects.swift */; };
		A8DD984C29BBD17800E89915 /* AppDelegate.swift in Sources */ = {isa = PBXBuildFile; fileRef = A8DD984B29BBD17800E89915 /* AppDelegate.swift */; };
		A8DD984E29BBD17800E89915 /* GameViewController.swift in Sources */ = {isa = PBXBuildFile; fileRef = A8DD984D29BBD17800E89915 /* GameViewController.swift */; };
		A8DD985129BBD17800E89915 /* Main.storyboard in Resources */ = {isa = PBXBuildFile; fileRef = A8DD984F29BBD17800E89915 /* Main.storyboard */; };
		A8DD985429BBD17800E89915 /* LaunchScreen.storyboard in Resources */ = {isa = PBXBuildFile; fileRef = A8DD985229BBD17800E89915 /* LaunchScreen.storyboard */; };
		A8DD985C29BBD17800E89915 /* AppDelegate.swift in Sources */ = {isa = PBXBuildFile; fileRef = A8DD985B29BBD17800E89915 /* AppDelegate.swift */; };
		A8DD985E29BBD17800E89915 /* GameViewController.swift in Sources */ = {isa = PBXBuildFile; fileRef = A8DD985D29BBD17800E89915 /* GameViewController.swift */; };
		A8DD986129BBD17800E89915 /* Main.storyboard in Resources */ = {isa = PBXBuildFile; fileRef = A8DD985F29BBD17800E89915 /* Main.storyboard */; };
		A8DD986429BBD17800E89915 /* LaunchScreen.storyboard in Resources */ = {isa = PBXBuildFile; fileRef = A8DD986229BBD17800E89915 /* LaunchScreen.storyboard */; };
		A8DD986C29BBD17800E89915 /* AppDelegate.swift in Sources */ = {isa = PBXBuildFile; fileRef = A8DD986B29BBD17800E89915 /* AppDelegate.swift */; };
		A8DD986E29BBD17800E89915 /* GameViewController.swift in Sources */ = {isa = PBXBuildFile; fileRef = A8DD986D29BBD17800E89915 /* GameViewController.swift */; };
		A8DD987129BBD17800E89915 /* Main.storyboard in Resources */ = {isa = PBXBuildFile; fileRef = A8DD986F29BBD17800E89915 /* Main.storyboard */; };
		A8DD987329BBD17800E89915 /* Actions.sks in Resources */ = {isa = PBXBuildFile; fileRef = A8DD984029BBD17700E89915 /* Actions.sks */; };
		A8DD987429BBD17800E89915 /* Actions.sks in Resources */ = {isa = PBXBuildFile; fileRef = A8DD984029BBD17700E89915 /* Actions.sks */; };
		A8DD987529BBD17800E89915 /* Actions.sks in Resources */ = {isa = PBXBuildFile; fileRef = A8DD984029BBD17700E89915 /* Actions.sks */; };
		A8DD987629BBD17800E89915 /* GameScene.sks in Resources */ = {isa = PBXBuildFile; fileRef = A8DD984129BBD17700E89915 /* GameScene.sks */; };
		A8DD987729BBD17800E89915 /* GameScene.sks in Resources */ = {isa = PBXBuildFile; fileRef = A8DD984129BBD17700E89915 /* GameScene.sks */; };
		A8DD987829BBD17800E89915 /* GameScene.sks in Resources */ = {isa = PBXBuildFile; fileRef = A8DD984129BBD17700E89915 /* GameScene.sks */; };
		A8DD987929BBD17800E89915 /* GameScene.swift in Sources */ = {isa = PBXBuildFile; fileRef = A8DD984229BBD17700E89915 /* GameScene.swift */; };
		A8DD987A29BBD17800E89915 /* GameScene.swift in Sources */ = {isa = PBXBuildFile; fileRef = A8DD984229BBD17700E89915 /* GameScene.swift */; };
		A8DD987B29BBD17800E89915 /* GameScene.swift in Sources */ = {isa = PBXBuildFile; fileRef = A8DD984229BBD17700E89915 /* GameScene.swift */; };
		A8DD987C29BBD17800E89915 /* Assets.xcassets in Resources */ = {isa = PBXBuildFile; fileRef = A8DD984329BBD17800E89915 /* Assets.xcassets */; };
		A8DD987D29BBD17800E89915 /* Assets.xcassets in Resources */ = {isa = PBXBuildFile; fileRef = A8DD984329BBD17800E89915 /* Assets.xcassets */; };
		A8DD987E29BBD17800E89915 /* Assets.xcassets in Resources */ = {isa = PBXBuildFile; fileRef = A8DD984329BBD17800E89915 /* Assets.xcassets */; };
/* End PBXBuildFile section */

/* Begin PBXFileReference section */
		A868D18729C025D3009FD2A0 /* Fish Bash Sound.mp3 */ = {isa = PBXFileReference; lastKnownFileType = audio.mp3; path = "Fish Bash Sound.mp3"; sourceTree = "<group>"; };
		A868D18B29C025EB009FD2A0 /* Fish Off Sound.mp3 */ = {isa = PBXFileReference; lastKnownFileType = audio.mp3; path = "Fish Off Sound.mp3"; sourceTree = "<group>"; };
		A868D18C29C025EB009FD2A0 /* Game Over Sound.mp3 */ = {isa = PBXFileReference; lastKnownFileType = audio.mp3; path = "Game Over Sound.mp3"; sourceTree = "<group>"; };
		A868D18D29C025EB009FD2A0 /* Reel Tick Sound.mp3 */ = {isa = PBXFileReference; lastKnownFileType = audio.mp3; path = "Reel Tick Sound.mp3"; sourceTree = "<group>"; };
		A868D18E29C025EB009FD2A0 /* Fish Caught.mp3 */ = {isa = PBXFileReference; lastKnownFileType = audio.mp3; path = "Fish Caught.mp3"; sourceTree = "<group>"; };
		A868D18F29C025EB009FD2A0 /* Yum Fish Sound.mp3 */ = {isa = PBXFileReference; lastKnownFileType = audio.mp3; path = "Yum Fish Sound.mp3"; sourceTree = "<group>"; };
		A868D19029C025EB009FD2A0 /* Zombie Sound.mp3 */ = {isa = PBXFileReference; lastKnownFileType = audio.mp3; path = "Zombie Sound.mp3"; sourceTree = "<group>"; };
		A868D19129C025EB009FD2A0 /* Reel Start Sound.mp3 */ = {isa = PBXFileReference; lastKnownFileType = audio.mp3; path = "Reel Start Sound.mp3"; sourceTree = "<group>"; };
		A868D19229C025EB009FD2A0 /* Fishing Ambience Sound.mp3 */ = {isa = PBXFileReference; lastKnownFileType = audio.mp3; path = "Fishing Ambience Sound.mp3"; sourceTree = "<group>"; };
		A868D1AC29C0266B009FD2A0 /* Vector3.swift */ = {isa = PBXFileReference; fileEncoding = 4; lastKnownFileType = sourcecode.swift; path = Vector3.swift; sourceTree = "<group>"; };
		A868D1AD29C0266B009FD2A0 /* CGFloat+Extensions.swift */ = {isa = PBXFileReference; fileEncoding = 4; lastKnownFileType = sourcecode.swift; path = "CGFloat+Extensions.swift"; sourceTree = "<group>"; };
		A868D1AE29C0266B009FD2A0 /* CGVector+Extensions.swift */ = {isa = PBXFileReference; fileEncoding = 4; lastKnownFileType = sourcecode.swift; path = "CGVector+Extensions.swift"; sourceTree = "<group>"; };
		A868D1AF29C0266B009FD2A0 /* SKColor+Extensions.swift */ = {isa = PBXFileReference; fileEncoding = 4; lastKnownFileType = sourcecode.swift; path = "SKColor+Extensions.swift"; sourceTree = "<group>"; };
		A868D1B029C0266B009FD2A0 /* SKTTimingFunctions.swift */ = {isa = PBXFileReference; fileEncoding = 4; lastKnownFileType = sourcecode.swift; path = SKTTimingFunctions.swift; sourceTree = "<group>"; };
		A868D1B129C0266B009FD2A0 /* SKTAudio.swift */ = {isa = PBXFileReference; fileEncoding = 4; lastKnownFileType = sourcecode.swift; path = SKTAudio.swift; sourceTree = "<group>"; };
		A868D1B229C0266B009FD2A0 /* SKAction+SpecialEffects.swift */ = {isa = PBXFileReference; fileEncoding = 4; lastKnownFileType = sourcecode.swift; path = "SKAction+SpecialEffects.swift"; sourceTree = "<group>"; };
		A868D1B329C0266B009FD2A0 /* SKAction+Extensions.swift */ = {isa = PBXFileReference; fileEncoding = 4; lastKnownFileType = sourcecode.swift; path = "SKAction+Extensions.swift"; sourceTree = "<group>"; };
		A868D1B429C0266B009FD2A0 /* Int+Extensions.swift */ = {isa = PBXFileReference; fileEncoding = 4; lastKnownFileType = sourcecode.swift; path = "Int+Extensions.swift"; sourceTree = "<group>"; };
		A868D1B529C0266B009FD2A0 /* CGPoint+Extensions.swift */ = {isa = PBXFileReference; fileEncoding = 4; lastKnownFileType = sourcecode.swift; path = "CGPoint+Extensions.swift"; sourceTree = "<group>"; };
		A868D1B629C0266B009FD2A0 /* SKNode+Extensions.swift */ = {isa = PBXFileReference; fileEncoding = 4; lastKnownFileType = sourcecode.swift; path = "SKNode+Extensions.swift"; sourceTree = "<group>"; };
		A868D1B729C0266B009FD2A0 /* SKTEffects.swift */ = {isa = PBXFileReference; fileEncoding = 4; lastKnownFileType = sourcecode.swift; path = SKTEffects.swift; sourceTree = "<group>"; };
		A8DD984029BBD17700E89915 /* Actions.sks */ = {isa = PBXFileReference; lastKnownFileType = file.sks; path = Actions.sks; sourceTree = "<group>"; };
		A8DD984129BBD17700E89915 /* GameScene.sks */ = {isa = PBXFileReference; lastKnownFileType = file.sks; path = GameScene.sks; sourceTree = "<group>"; };
		A8DD984229BBD17700E89915 /* GameScene.swift */ = {isa = PBXFileReference; lastKnownFileType = sourcecode.swift; path = GameScene.swift; sourceTree = "<group>"; };
		A8DD984329BBD17800E89915 /* Assets.xcassets */ = {isa = PBXFileReference; lastKnownFileType = folder.assetcatalog; path = Assets.xcassets; sourceTree = "<group>"; };
		A8DD984829BBD17800E89915 /* ZombieFishing.app */ = {isa = PBXFileReference; explicitFileType = wrapper.application; includeInIndex = 0; path = ZombieFishing.app; sourceTree = BUILT_PRODUCTS_DIR; };
		A8DD984B29BBD17800E89915 /* AppDelegate.swift */ = {isa = PBXFileReference; lastKnownFileType = sourcecode.swift; path = AppDelegate.swift; sourceTree = "<group>"; };
		A8DD984D29BBD17800E89915 /* GameViewController.swift */ = {isa = PBXFileReference; lastKnownFileType = sourcecode.swift; path = GameViewController.swift; sourceTree = "<group>"; };
		A8DD985029BBD17800E89915 /* Base */ = {isa = PBXFileReference; lastKnownFileType = file.storyboard; name = Base; path = Base.lproj/Main.storyboard; sourceTree = "<group>"; };
		A8DD985329BBD17800E89915 /* Base */ = {isa = PBXFileReference; lastKnownFileType = file.storyboard; name = Base; path = Base.lproj/LaunchScreen.storyboard; sourceTree = "<group>"; };
		A8DD985929BBD17800E89915 /* ZombieFishing.app */ = {isa = PBXFileReference; explicitFileType = wrapper.application; includeInIndex = 0; path = ZombieFishing.app; sourceTree = BUILT_PRODUCTS_DIR; };
		A8DD985B29BBD17800E89915 /* AppDelegate.swift */ = {isa = PBXFileReference; lastKnownFileType = sourcecode.swift; path = AppDelegate.swift; sourceTree = "<group>"; };
		A8DD985D29BBD17800E89915 /* GameViewController.swift */ = {isa = PBXFileReference; lastKnownFileType = sourcecode.swift; path = GameViewController.swift; sourceTree = "<group>"; };
		A8DD986029BBD17800E89915 /* Base */ = {isa = PBXFileReference; lastKnownFileType = file.storyboard; name = Base; path = Base.lproj/Main.storyboard; sourceTree = "<group>"; };
		A8DD986329BBD17800E89915 /* Base */ = {isa = PBXFileReference; lastKnownFileType = file.storyboard; name = Base; path = Base.lproj/LaunchScreen.storyboard; sourceTree = "<group>"; };
		A8DD986929BBD17800E89915 /* ZombieFishing.app */ = {isa = PBXFileReference; explicitFileType = wrapper.application; includeInIndex = 0; path = ZombieFishing.app; sourceTree = BUILT_PRODUCTS_DIR; };
		A8DD986B29BBD17800E89915 /* AppDelegate.swift */ = {isa = PBXFileReference; lastKnownFileType = sourcecode.swift; path = AppDelegate.swift; sourceTree = "<group>"; };
		A8DD986D29BBD17800E89915 /* GameViewController.swift */ = {isa = PBXFileReference; lastKnownFileType = sourcecode.swift; path = GameViewController.swift; sourceTree = "<group>"; };
		A8DD987029BBD17800E89915 /* Base */ = {isa = PBXFileReference; lastKnownFileType = file.storyboard; name = Base; path = Base.lproj/Main.storyboard; sourceTree = "<group>"; };
		A8DD987229BBD17800E89915 /* ZombieFishing_macOS.entitlements */ = {isa = PBXFileReference; lastKnownFileType = text.plist.entitlements; path = ZombieFishing_macOS.entitlements; sourceTree = "<group>"; };
/* End PBXFileReference section */

/* Begin PBXFrameworksBuildPhase section */
		A8DD984529BBD17800E89915 /* Frameworks */ = {
			isa = PBXFrameworksBuildPhase;
			buildActionMask = 2147483647;
			files = (
			);
			runOnlyForDeploymentPostprocessing = 0;
		};
		A8DD985629BBD17800E89915 /* Frameworks */ = {
			isa = PBXFrameworksBuildPhase;
			buildActionMask = 2147483647;
			files = (
			);
			runOnlyForDeploymentPostprocessing = 0;
		};
		A8DD986629BBD17800E89915 /* Frameworks */ = {
			isa = PBXFrameworksBuildPhase;
			buildActionMask = 2147483647;
			files = (
			);
			runOnlyForDeploymentPostprocessing = 0;
		};
/* End PBXFrameworksBuildPhase section */

/* Begin PBXGroup section */
		A868D18629C02478009FD2A0 /* Audio */ = {
			isa = PBXGroup;
			children = (
				A868D18729C025D3009FD2A0 /* Fish Bash Sound.mp3 */,
				A868D18E29C025EB009FD2A0 /* Fish Caught.mp3 */,
				A868D18B29C025EB009FD2A0 /* Fish Off Sound.mp3 */,
				A868D19229C025EB009FD2A0 /* Fishing Ambience Sound.mp3 */,
				A868D18C29C025EB009FD2A0 /* Game Over Sound.mp3 */,
				A868D19129C025EB009FD2A0 /* Reel Start Sound.mp3 */,
				A868D18D29C025EB009FD2A0 /* Reel Tick Sound.mp3 */,
				A868D18F29C025EB009FD2A0 /* Yum Fish Sound.mp3 */,
				A868D19029C025EB009FD2A0 /* Zombie Sound.mp3 */,
			);
			path = Audio;
			sourceTree = "<group>";
		};
		A868D1AB29C02628009FD2A0 /* SKUtils */ = {
			isa = PBXGroup;
			children = (
				A868D1AD29C0266B009FD2A0 /* CGFloat+Extensions.swift */,
				A868D1B529C0266B009FD2A0 /* CGPoint+Extensions.swift */,
				A868D1AE29C0266B009FD2A0 /* CGVector+Extensions.swift */,
				A868D1B429C0266B009FD2A0 /* Int+Extensions.swift */,
				A868D1B329C0266B009FD2A0 /* SKAction+Extensions.swift */,
				A868D1B229C0266B009FD2A0 /* SKAction+SpecialEffects.swift */,
				A868D1AF29C0266B009FD2A0 /* SKColor+Extensions.swift */,
				A868D1B629C0266B009FD2A0 /* SKNode+Extensions.swift */,
				A868D1B129C0266B009FD2A0 /* SKTAudio.swift */,
				A868D1B729C0266B009FD2A0 /* SKTEffects.swift */,
				A868D1B029C0266B009FD2A0 /* SKTTimingFunctions.swift */,
				A868D1AC29C0266B009FD2A0 /* Vector3.swift */,
			);
			path = SKUtils;
			sourceTree = "<group>";
		};
		A8DD983A29BBD17700E89915 = {
			isa = PBXGroup;
			children = (
				A8DD983F29BBD17700E89915 /* ZombieFishing Shared */,
				A8DD984A29BBD17800E89915 /* ZombieFishing iOS */,
				A8DD985A29BBD17800E89915 /* ZombieFishing tvOS */,
				A8DD986A29BBD17800E89915 /* ZombieFishing macOS */,
				A8DD984929BBD17800E89915 /* Products */,
			);
			sourceTree = "<group>";
		};
		A8DD983F29BBD17700E89915 /* ZombieFishing Shared */ = {
			isa = PBXGroup;
			children = (
				A8DD984029BBD17700E89915 /* Actions.sks */,
				A8DD984129BBD17700E89915 /* GameScene.sks */,
				A8DD984229BBD17700E89915 /* GameScene.swift */,
				A8DD984329BBD17800E89915 /* Assets.xcassets */,
				A868D18629C02478009FD2A0 /* Audio */,
				A868D1AB29C02628009FD2A0 /* SKUtils */,
			);
			path = "ZombieFishing Shared";
			sourceTree = "<group>";
		};
		A8DD984929BBD17800E89915 /* Products */ = {
			isa = PBXGroup;
			children = (
				A8DD984829BBD17800E89915 /* ZombieFishing.app */,
				A8DD985929BBD17800E89915 /* ZombieFishing.app */,
				A8DD986929BBD17800E89915 /* ZombieFishing.app */,
			);
			name = Products;
			sourceTree = "<group>";
		};
		A8DD984A29BBD17800E89915 /* ZombieFishing iOS */ = {
			isa = PBXGroup;
			children = (
				A8DD984B29BBD17800E89915 /* AppDelegate.swift */,
				A8DD984D29BBD17800E89915 /* GameViewController.swift */,
				A8DD984F29BBD17800E89915 /* Main.storyboard */,
				A8DD985229BBD17800E89915 /* LaunchScreen.storyboard */,
			);
			path = "ZombieFishing iOS";
			sourceTree = "<group>";
		};
		A8DD985A29BBD17800E89915 /* ZombieFishing tvOS */ = {
			isa = PBXGroup;
			children = (
				A8DD985B29BBD17800E89915 /* AppDelegate.swift */,
				A8DD985D29BBD17800E89915 /* GameViewController.swift */,
				A8DD985F29BBD17800E89915 /* Main.storyboard */,
				A8DD986229BBD17800E89915 /* LaunchScreen.storyboard */,
			);
			path = "ZombieFishing tvOS";
			sourceTree = "<group>";
		};
		A8DD986A29BBD17800E89915 /* ZombieFishing macOS */ = {
			isa = PBXGroup;
			children = (
				A8DD986B29BBD17800E89915 /* AppDelegate.swift */,
				A8DD986D29BBD17800E89915 /* GameViewController.swift */,
				A8DD986F29BBD17800E89915 /* Main.storyboard */,
				A8DD987229BBD17800E89915 /* ZombieFishing_macOS.entitlements */,
			);
			path = "ZombieFishing macOS";
			sourceTree = "<group>";
		};
/* End PBXGroup section */

/* Begin PBXNativeTarget section */
		A8DD984729BBD17800E89915 /* ZombieFishing iOS */ = {
			isa = PBXNativeTarget;
			buildConfigurationList = A8DD988129BBD17800E89915 /* Build configuration list for PBXNativeTarget "ZombieFishing iOS" */;
			buildPhases = (
				A8DD984429BBD17800E89915 /* Sources */,
				A8DD984529BBD17800E89915 /* Frameworks */,
				A8DD984629BBD17800E89915 /* Resources */,
			);
			buildRules = (
			);
			dependencies = (
			);
			name = "ZombieFishing iOS";
			productName = "ZombieFishing iOS";
			productReference = A8DD984829BBD17800E89915 /* ZombieFishing.app */;
			productType = "com.apple.product-type.application";
		};
		A8DD985829BBD17800E89915 /* ZombieFishing tvOS */ = {
			isa = PBXNativeTarget;
			buildConfigurationList = A8DD988429BBD17800E89915 /* Build configuration list for PBXNativeTarget "ZombieFishing tvOS" */;
			buildPhases = (
				A8DD985529BBD17800E89915 /* Sources */,
				A8DD985629BBD17800E89915 /* Frameworks */,
				A8DD985729BBD17800E89915 /* Resources */,
			);
			buildRules = (
			);
			dependencies = (
			);
			name = "ZombieFishing tvOS";
			productName = "ZombieFishing tvOS";
			productReference = A8DD985929BBD17800E89915 /* ZombieFishing.app */;
			productType = "com.apple.product-type.application";
		};
		A8DD986829BBD17800E89915 /* ZombieFishing macOS */ = {
			isa = PBXNativeTarget;
			buildConfigurationList = A8DD988729BBD17800E89915 /* Build configuration list for PBXNativeTarget "ZombieFishing macOS" */;
			buildPhases = (
				A8DD986529BBD17800E89915 /* Sources */,
				A8DD986629BBD17800E89915 /* Frameworks */,
				A8DD986729BBD17800E89915 /* Resources */,
			);
			buildRules = (
			);
			dependencies = (
			);
			name = "ZombieFishing macOS";
			productName = "ZombieFishing macOS";
			productReference = A8DD986929BBD17800E89915 /* ZombieFishing.app */;
			productType = "com.apple.product-type.application";
		};
/* End PBXNativeTarget section */

/* Begin PBXProject section */
		A8DD983B29BBD17700E89915 /* Project object */ = {
			isa = PBXProject;
			attributes = {
				BuildIndependentTargetsInParallel = 1;
				LastSwiftUpdateCheck = 1430;
				LastUpgradeCheck = 1430;
				TargetAttributes = {
					A8DD984729BBD17800E89915 = {
						CreatedOnToolsVersion = 14.3;
					};
					A8DD985829BBD17800E89915 = {
						CreatedOnToolsVersion = 14.3;
					};
					A8DD986829BBD17800E89915 = {
						CreatedOnToolsVersion = 14.3;
					};
				};
			};
			buildConfigurationList = A8DD983E29BBD17700E89915 /* Build configuration list for PBXProject "ZombieFishing" */;
			compatibilityVersion = "Xcode 14.0";
			developmentRegion = en;
			hasScannedForEncodings = 0;
			knownRegions = (
				en,
				Base,
			);
			mainGroup = A8DD983A29BBD17700E89915;
			productRefGroup = A8DD984929BBD17800E89915 /* Products */;
			projectDirPath = "";
			projectRoot = "";
			targets = (
				A8DD984729BBD17800E89915 /* ZombieFishing iOS */,
				A8DD985829BBD17800E89915 /* ZombieFishing tvOS */,
				A8DD986829BBD17800E89915 /* ZombieFishing macOS */,
			);
		};
/* End PBXProject section */

/* Begin PBXResourcesBuildPhase section */
		A8DD984629BBD17800E89915 /* Resources */ = {
			isa = PBXResourcesBuildPhase;
			buildActionMask = 2147483647;
			files = (
				A868D19629C025EB009FD2A0 /* Game Over Sound.mp3 in Resources */,
				A868D1A829C025EB009FD2A0 /* Fishing Ambience Sound.mp3 in Resources */,
				A868D1A229C025EB009FD2A0 /* Zombie Sound.mp3 in Resources */,
				A868D19F29C025EB009FD2A0 /* Yum Fish Sound.mp3 in Resources */,
				A868D19329C025EB009FD2A0 /* Fish Off Sound.mp3 in Resources */,
				A8DD987629BBD17800E89915 /* GameScene.sks in Resources */,
				A8DD985129BBD17800E89915 /* Main.storyboard in Resources */,
				A868D19929C025EB009FD2A0 /* Reel Tick Sound.mp3 in Resources */,
				A868D1A529C025EB009FD2A0 /* Reel Start Sound.mp3 in Resources */,
				A868D18829C025D3009FD2A0 /* Fish Bash Sound.mp3 in Resources */,
				A8DD987329BBD17800E89915 /* Actions.sks in Resources */,
				A8DD985429BBD17800E89915 /* LaunchScreen.storyboard in Resources */,
				A8DD987C29BBD17800E89915 /* Assets.xcassets in Resources */,
				A868D19C29C025EB009FD2A0 /* Fish Caught.mp3 in Resources */,
			);
			runOnlyForDeploymentPostprocessing = 0;
		};
		A8DD985729BBD17800E89915 /* Resources */ = {
			isa = PBXResourcesBuildPhase;
			buildActionMask = 2147483647;
			files = (
				A868D19729C025EB009FD2A0 /* Game Over Sound.mp3 in Resources */,
				A868D1A929C025EB009FD2A0 /* Fishing Ambience Sound.mp3 in Resources */,
				A868D1A329C025EB009FD2A0 /* Zombie Sound.mp3 in Resources */,
				A868D1A029C025EB009FD2A0 /* Yum Fish Sound.mp3 in Resources */,
				A868D19429C025EB009FD2A0 /* Fish Off Sound.mp3 in Resources */,
				A8DD987729BBD17800E89915 /* GameScene.sks in Resources */,
				A8DD986129BBD17800E89915 /* Main.storyboard in Resources */,
				A868D19A29C025EB009FD2A0 /* Reel Tick Sound.mp3 in Resources */,
				A868D1A629C025EB009FD2A0 /* Reel Start Sound.mp3 in Resources */,
				A868D18929C025D3009FD2A0 /* Fish Bash Sound.mp3 in Resources */,
				A8DD987429BBD17800E89915 /* Actions.sks in Resources */,
				A8DD986429BBD17800E89915 /* LaunchScreen.storyboard in Resources */,
				A8DD987D29BBD17800E89915 /* Assets.xcassets in Resources */,
				A868D19D29C025EB009FD2A0 /* Fish Caught.mp3 in Resources */,
			);
			runOnlyForDeploymentPostprocessing = 0;
		};
		A8DD986729BBD17800E89915 /* Resources */ = {
			isa = PBXResourcesBuildPhase;
			buildActionMask = 2147483647;
			files = (
				A8DD987129BBD17800E89915 /* Main.storyboard in Resources */,
				A868D1A729C025EB009FD2A0 /* Reel Start Sound.mp3 in Resources */,
				A868D1A429C025EB009FD2A0 /* Zombie Sound.mp3 in Resources */,
				A8DD987829BBD17800E89915 /* GameScene.sks in Resources */,
				A868D1A129C025EB009FD2A0 /* Yum Fish Sound.mp3 in Resources */,
				A868D19529C025EB009FD2A0 /* Fish Off Sound.mp3 in Resources */,
				A8DD987E29BBD17800E89915 /* Assets.xcassets in Resources */,
				A868D1AA29C025EB009FD2A0 /* Fishing Ambience Sound.mp3 in Resources */,
				A8DD987529BBD17800E89915 /* Actions.sks in Resources */,
				A868D19B29C025EB009FD2A0 /* Reel Tick Sound.mp3 in Resources */,
				A868D19829C025EB009FD2A0 /* Game Over Sound.mp3 in Resources */,
				A868D18A29C025D3009FD2A0 /* Fish Bash Sound.mp3 in Resources */,
				A868D19E29C025EB009FD2A0 /* Fish Caught.mp3 in Resources */,
			);
			runOnlyForDeploymentPostprocessing = 0;
		};
/* End PBXResourcesBuildPhase section */

/* Begin PBXSourcesBuildPhase section */
		A8DD984429BBD17800E89915 /* Sources */ = {
			isa = PBXSourcesBuildPhase;
			buildActionMask = 2147483647;
			files = (
				A8DD987929BBD17800E89915 /* GameScene.swift in Sources */,
				A868D1D929C0266B009FD2A0 /* SKTEffects.swift in Sources */,
				A868D1BB29C0266B009FD2A0 /* CGFloat+Extensions.swift in Sources */,
				A868D1C129C0266B009FD2A0 /* SKColor+Extensions.swift in Sources */,
				A868D1C729C0266B009FD2A0 /* SKTAudio.swift in Sources */,
				A868D1D329C0266B009FD2A0 /* CGPoint+Extensions.swift in Sources */,
				A868D1BE29C0266B009FD2A0 /* CGVector+Extensions.swift in Sources */,
				A8DD984E29BBD17800E89915 /* GameViewController.swift in Sources */,
				A868D1D629C0266B009FD2A0 /* SKNode+Extensions.swift in Sources */,
				A868D1B829C0266B009FD2A0 /* Vector3.swift in Sources */,
				A868D1CD29C0266B009FD2A0 /* SKAction+Extensions.swift in Sources */,
				A868D1C429C0266B009FD2A0 /* SKTTimingFunctions.swift in Sources */,
				A868D1D029C0266B009FD2A0 /* Int+Extensions.swift in Sources */,
				A868D1CA29C0266B009FD2A0 /* SKAction+SpecialEffects.swift in Sources */,
				A8DD984C29BBD17800E89915 /* AppDelegate.swift in Sources */,
			);
			runOnlyForDeploymentPostprocessing = 0;
		};
		A8DD985529BBD17800E89915 /* Sources */ = {
			isa = PBXSourcesBuildPhase;
			buildActionMask = 2147483647;
			files = (
				A8DD987A29BBD17800E89915 /* GameScene.swift in Sources */,
				A868D1DA29C0266B009FD2A0 /* SKTEffects.swift in Sources */,
				A868D1BC29C0266B009FD2A0 /* CGFloat+Extensions.swift in Sources */,
				A868D1C229C0266B009FD2A0 /* SKColor+Extensions.swift in Sources */,
				A868D1C829C0266B009FD2A0 /* SKTAudio.swift in Sources */,
				A868D1D429C0266B009FD2A0 /* CGPoint+Extensions.swift in Sources */,
				A868D1BF29C0266B009FD2A0 /* CGVector+Extensions.swift in Sources */,
				A8DD985E29BBD17800E89915 /* GameViewController.swift in Sources */,
				A868D1D729C0266B009FD2A0 /* SKNode+Extensions.swift in Sources */,
				A868D1B929C0266B009FD2A0 /* Vector3.swift in Sources */,
				A868D1CE29C0266B009FD2A0 /* SKAction+Extensions.swift in Sources */,
				A868D1C529C0266B009FD2A0 /* SKTTimingFunctions.swift in Sources */,
				A868D1D129C0266B009FD2A0 /* Int+Extensions.swift in Sources */,
				A868D1CB29C0266B009FD2A0 /* SKAction+SpecialEffects.swift in Sources */,
				A8DD985C29BBD17800E89915 /* AppDelegate.swift in Sources */,
			);
			runOnlyForDeploymentPostprocessing = 0;
		};
		A8DD986529BBD17800E89915 /* Sources */ = {
			isa = PBXSourcesBuildPhase;
			buildActionMask = 2147483647;
			files = (
				A8DD987B29BBD17800E89915 /* GameScene.swift in Sources */,
				A868D1DB29C0266B009FD2A0 /* SKTEffects.swift in Sources */,
				A868D1BD29C0266B009FD2A0 /* CGFloat+Extensions.swift in Sources */,
				A868D1C329C0266B009FD2A0 /* SKColor+Extensions.swift in Sources */,
				A868D1C929C0266B009FD2A0 /* SKTAudio.swift in Sources */,
				A868D1D529C0266B009FD2A0 /* CGPoint+Extensions.swift in Sources */,
				A868D1C029C0266B009FD2A0 /* CGVector+Extensions.swift in Sources */,
				A8DD986E29BBD17800E89915 /* GameViewController.swift in Sources */,
				A868D1D829C0266B009FD2A0 /* SKNode+Extensions.swift in Sources */,
				A868D1BA29C0266B009FD2A0 /* Vector3.swift in Sources */,
				A868D1CF29C0266B009FD2A0 /* SKAction+Extensions.swift in Sources */,
				A868D1C629C0266B009FD2A0 /* SKTTimingFunctions.swift in Sources */,
				A868D1D229C0266B009FD2A0 /* Int+Extensions.swift in Sources */,
				A868D1CC29C0266B009FD2A0 /* SKAction+SpecialEffects.swift in Sources */,
				A8DD986C29BBD17800E89915 /* AppDelegate.swift in Sources */,
			);
			runOnlyForDeploymentPostprocessing = 0;
		};
/* End PBXSourcesBuildPhase section */

/* Begin PBXVariantGroup section */
		A8DD984F29BBD17800E89915 /* Main.storyboard */ = {
			isa = PBXVariantGroup;
			children = (
				A8DD985029BBD17800E89915 /* Base */,
			);
			name = Main.storyboard;
			sourceTree = "<group>";
		};
		A8DD985229BBD17800E89915 /* LaunchScreen.storyboard */ = {
			isa = PBXVariantGroup;
			children = (
				A8DD985329BBD17800E89915 /* Base */,
			);
			name = LaunchScreen.storyboard;
			sourceTree = "<group>";
		};
		A8DD985F29BBD17800E89915 /* Main.storyboard */ = {
			isa = PBXVariantGroup;
			children = (
				A8DD986029BBD17800E89915 /* Base */,
			);
			name = Main.storyboard;
			sourceTree = "<group>";
		};
		A8DD986229BBD17800E89915 /* LaunchScreen.storyboard */ = {
			isa = PBXVariantGroup;
			children = (
				A8DD986329BBD17800E89915 /* Base */,
			);
			name = LaunchScreen.storyboard;
			sourceTree = "<group>";
		};
		A8DD986F29BBD17800E89915 /* Main.storyboard */ = {
			isa = PBXVariantGroup;
			children = (
				A8DD987029BBD17800E89915 /* Base */,
			);
			name = Main.storyboard;
			sourceTree = "<group>";
		};
/* End PBXVariantGroup section */

/* Begin XCBuildConfiguration section */
		A8DD987F29BBD17800E89915 /* Debug */ = {
			isa = XCBuildConfiguration;
			buildSettings = {
				ALWAYS_SEARCH_USER_PATHS = NO;
				CLANG_ANALYZER_NONNULL = YES;
				CLANG_ANALYZER_NUMBER_OBJECT_CONVERSION = YES_AGGRESSIVE;
				CLANG_CXX_LANGUAGE_STANDARD = "gnu++20";
				CLANG_ENABLE_MODULES = YES;
				CLANG_ENABLE_OBJC_ARC = YES;
				CLANG_ENABLE_OBJC_WEAK = YES;
				CLANG_WARN_BLOCK_CAPTURE_AUTORELEASING = YES;
				CLANG_WARN_BOOL_CONVERSION = YES;
				CLANG_WARN_COMMA = YES;
				CLANG_WARN_CONSTANT_CONVERSION = YES;
				CLANG_WARN_DEPRECATED_OBJC_IMPLEMENTATIONS = YES;
				CLANG_WARN_DIRECT_OBJC_ISA_USAGE = YES_ERROR;
				CLANG_WARN_DOCUMENTATION_COMMENTS = YES;
				CLANG_WARN_EMPTY_BODY = YES;
				CLANG_WARN_ENUM_CONVERSION = YES;
				CLANG_WARN_INFINITE_RECURSION = YES;
				CLANG_WARN_INT_CONVERSION = YES;
				CLANG_WARN_NON_LITERAL_NULL_CONVERSION = YES;
				CLANG_WARN_OBJC_IMPLICIT_RETAIN_SELF = YES;
				CLANG_WARN_OBJC_LITERAL_CONVERSION = YES;
				CLANG_WARN_OBJC_ROOT_CLASS = YES_ERROR;
				CLANG_WARN_QUOTED_INCLUDE_IN_FRAMEWORK_HEADER = YES;
				CLANG_WARN_RANGE_LOOP_ANALYSIS = YES;
				CLANG_WARN_STRICT_PROTOTYPES = YES;
				CLANG_WARN_SUSPICIOUS_MOVE = YES;
				CLANG_WARN_UNGUARDED_AVAILABILITY = YES_AGGRESSIVE;
				CLANG_WARN_UNREACHABLE_CODE = YES;
				CLANG_WARN__DUPLICATE_METHOD_MATCH = YES;
				COPY_PHASE_STRIP = NO;
				DEBUG_INFORMATION_FORMAT = dwarf;
				ENABLE_STRICT_OBJC_MSGSEND = YES;
				ENABLE_TESTABILITY = YES;
				GCC_C_LANGUAGE_STANDARD = gnu11;
				GCC_DYNAMIC_NO_PIC = NO;
				GCC_NO_COMMON_BLOCKS = YES;
				GCC_OPTIMIZATION_LEVEL = 0;
				GCC_PREPROCESSOR_DEFINITIONS = (
					"DEBUG=1",
					"$(inherited)",
				);
				GCC_WARN_64_TO_32_BIT_CONVERSION = YES;
				GCC_WARN_ABOUT_RETURN_TYPE = YES_ERROR;
				GCC_WARN_UNDECLARED_SELECTOR = YES;
				GCC_WARN_UNINITIALIZED_AUTOS = YES_AGGRESSIVE;
				GCC_WARN_UNUSED_FUNCTION = YES;
				GCC_WARN_UNUSED_VARIABLE = YES;
				IPHONEOS_DEPLOYMENT_TARGET = 16.0;
				MACOSX_DEPLOYMENT_TARGET = 13.0;
				MTL_ENABLE_DEBUG_INFO = INCLUDE_SOURCE;
				MTL_FAST_MATH = YES;
				ONLY_ACTIVE_ARCH = YES;
				SWIFT_ACTIVE_COMPILATION_CONDITIONS = DEBUG;
				SWIFT_OPTIMIZATION_LEVEL = "-Onone";
				TVOS_DEPLOYMENT_TARGET = 16.0;
			};
			name = Debug;
		};
		A8DD988029BBD17800E89915 /* Release */ = {
			isa = XCBuildConfiguration;
			buildSettings = {
				ALWAYS_SEARCH_USER_PATHS = NO;
				CLANG_ANALYZER_NONNULL = YES;
				CLANG_ANALYZER_NUMBER_OBJECT_CONVERSION = YES_AGGRESSIVE;
				CLANG_CXX_LANGUAGE_STANDARD = "gnu++20";
				CLANG_ENABLE_MODULES = YES;
				CLANG_ENABLE_OBJC_ARC = YES;
				CLANG_ENABLE_OBJC_WEAK = YES;
				CLANG_WARN_BLOCK_CAPTURE_AUTORELEASING = YES;
				CLANG_WARN_BOOL_CONVERSION = YES;
				CLANG_WARN_COMMA = YES;
				CLANG_WARN_CONSTANT_CONVERSION = YES;
				CLANG_WARN_DEPRECATED_OBJC_IMPLEMENTATIONS = YES;
				CLANG_WARN_DIRECT_OBJC_ISA_USAGE = YES_ERROR;
				CLANG_WARN_DOCUMENTATION_COMMENTS = YES;
				CLANG_WARN_EMPTY_BODY = YES;
				CLANG_WARN_ENUM_CONVERSION = YES;
				CLANG_WARN_INFINITE_RECURSION = YES;
				CLANG_WARN_INT_CONVERSION = YES;
				CLANG_WARN_NON_LITERAL_NULL_CONVERSION = YES;
				CLANG_WARN_OBJC_IMPLICIT_RETAIN_SELF = YES;
				CLANG_WARN_OBJC_LITERAL_CONVERSION = YES;
				CLANG_WARN_OBJC_ROOT_CLASS = YES_ERROR;
				CLANG_WARN_QUOTED_INCLUDE_IN_FRAMEWORK_HEADER = YES;
				CLANG_WARN_RANGE_LOOP_ANALYSIS = YES;
				CLANG_WARN_STRICT_PROTOTYPES = YES;
				CLANG_WARN_SUSPICIOUS_MOVE = YES;
				CLANG_WARN_UNGUARDED_AVAILABILITY = YES_AGGRESSIVE;
				CLANG_WARN_UNREACHABLE_CODE = YES;
				CLANG_WARN__DUPLICATE_METHOD_MATCH = YES;
				COPY_PHASE_STRIP = NO;
				DEBUG_INFORMATION_FORMAT = "dwarf-with-dsym";
				ENABLE_NS_ASSERTIONS = NO;
				ENABLE_STRICT_OBJC_MSGSEND = YES;
				GCC_C_LANGUAGE_STANDARD = gnu11;
				GCC_NO_COMMON_BLOCKS = YES;
				GCC_WARN_64_TO_32_BIT_CONVERSION = YES;
				GCC_WARN_ABOUT_RETURN_TYPE = YES_ERROR;
				GCC_WARN_UNDECLARED_SELECTOR = YES;
				GCC_WARN_UNINITIALIZED_AUTOS = YES_AGGRESSIVE;
				GCC_WARN_UNUSED_FUNCTION = YES;
				GCC_WARN_UNUSED_VARIABLE = YES;
				IPHONEOS_DEPLOYMENT_TARGET = 16.0;
				MACOSX_DEPLOYMENT_TARGET = 13.0;
				MTL_ENABLE_DEBUG_INFO = NO;
				MTL_FAST_MATH = YES;
				SWIFT_COMPILATION_MODE = wholemodule;
				SWIFT_OPTIMIZATION_LEVEL = "-O";
				TVOS_DEPLOYMENT_TARGET = 16.0;
			};
			name = Release;
		};
		A8DD988229BBD17800E89915 /* Debug */ = {
			isa = XCBuildConfiguration;
			buildSettings = {
				ASSETCATALOG_COMPILER_APPICON_NAME = AppIcon;
				ASSETCATALOG_COMPILER_GLOBAL_ACCENT_COLOR_NAME = AccentColor;
				CODE_SIGN_STYLE = Automatic;
				CURRENT_PROJECT_VERSION = 1;
				DEVELOPMENT_TEAM = YQR2E4PRF4;
				GENERATE_INFOPLIST_FILE = YES;
				INFOPLIST_KEY_UIApplicationSupportsIndirectInputEvents = YES;
				INFOPLIST_KEY_UILaunchStoryboardName = LaunchScreen;
				INFOPLIST_KEY_UIMainStoryboardFile = Main;
				INFOPLIST_KEY_UIStatusBarHidden = YES;
				INFOPLIST_KEY_UISupportedInterfaceOrientations_iPad = "UIInterfaceOrientationPortrait UIInterfaceOrientationPortraitUpsideDown UIInterfaceOrientationLandscapeLeft UIInterfaceOrientationLandscapeRight";
				INFOPLIST_KEY_UISupportedInterfaceOrientations_iPhone = "UIInterfaceOrientationPortrait UIInterfaceOrientationLandscapeLeft UIInterfaceOrientationLandscapeRight";
				IPHONEOS_DEPLOYMENT_TARGET = 16.0;
				LD_RUNPATH_SEARCH_PATHS = (
					"$(inherited)",
					"@executable_path/Frameworks",
				);
				MARKETING_VERSION = 1.0;
				PRODUCT_BUNDLE_IDENTIFIER = com.2130studios.ZombieFishing;
				PRODUCT_NAME = ZombieFishing;
				SDKROOT = iphoneos;
				SWIFT_EMIT_LOC_STRINGS = YES;
				SWIFT_VERSION = 5.0;
				TARGETED_DEVICE_FAMILY = "1,2";
			};
			name = Debug;
		};
		A8DD988329BBD17800E89915 /* Release */ = {
			isa = XCBuildConfiguration;
			buildSettings = {
				ASSETCATALOG_COMPILER_APPICON_NAME = AppIcon;
				ASSETCATALOG_COMPILER_GLOBAL_ACCENT_COLOR_NAME = AccentColor;
				CODE_SIGN_STYLE = Automatic;
				CURRENT_PROJECT_VERSION = 1;
				DEVELOPMENT_TEAM = YQR2E4PRF4;
				GENERATE_INFOPLIST_FILE = YES;
				INFOPLIST_KEY_UIApplicationSupportsIndirectInputEvents = YES;
				INFOPLIST_KEY_UILaunchStoryboardName = LaunchScreen;
				INFOPLIST_KEY_UIMainStoryboardFile = Main;
				INFOPLIST_KEY_UIStatusBarHidden = YES;
				INFOPLIST_KEY_UISupportedInterfaceOrientations_iPad = "UIInterfaceOrientationPortrait UIInterfaceOrientationPortraitUpsideDown UIInterfaceOrientationLandscapeLeft UIInterfaceOrientationLandscapeRight";
				INFOPLIST_KEY_UISupportedInterfaceOrientations_iPhone = "UIInterfaceOrientationPortrait UIInterfaceOrientationLandscapeLeft UIInterfaceOrientationLandscapeRight";
				IPHONEOS_DEPLOYMENT_TARGET = 16.0;
				LD_RUNPATH_SEARCH_PATHS = (
					"$(inherited)",
					"@executable_path/Frameworks",
				);
				MARKETING_VERSION = 1.0;
				PRODUCT_BUNDLE_IDENTIFIER = com.2130studios.ZombieFishing;
				PRODUCT_NAME = ZombieFishing;
				SDKROOT = iphoneos;
				SWIFT_EMIT_LOC_STRINGS = YES;
				SWIFT_VERSION = 5.0;
				TARGETED_DEVICE_FAMILY = "1,2";
				VALIDATE_PRODUCT = YES;
			};
			name = Release;
		};
		A8DD988529BBD17800E89915 /* Debug */ = {
			isa = XCBuildConfiguration;
			buildSettings = {
				ASSETCATALOG_COMPILER_APPICON_NAME = "tvOS App Icon & Top Shelf Image";
				ASSETCATALOG_COMPILER_GLOBAL_ACCENT_COLOR_NAME = AccentColor;
				CODE_SIGN_STYLE = Automatic;
				CURRENT_PROJECT_VERSION = 1;
				DEVELOPMENT_TEAM = YQR2E4PRF4;
				GENERATE_INFOPLIST_FILE = YES;
				INFOPLIST_KEY_UILaunchStoryboardName = LaunchScreen;
				INFOPLIST_KEY_UIMainStoryboardFile = Main;
				INFOPLIST_KEY_UIUserInterfaceStyle = Automatic;
				LD_RUNPATH_SEARCH_PATHS = (
					"$(inherited)",
					"@executable_path/Frameworks",
				);
				MARKETING_VERSION = 1.0;
				PRODUCT_BUNDLE_IDENTIFIER = com.2130studios.ZombieFishing;
				PRODUCT_NAME = ZombieFishing;
				SDKROOT = appletvos;
				SWIFT_EMIT_LOC_STRINGS = YES;
				SWIFT_VERSION = 5.0;
				TARGETED_DEVICE_FAMILY = 3;
				TVOS_DEPLOYMENT_TARGET = 16.0;
			};
			name = Debug;
		};
		A8DD988629BBD17800E89915 /* Release */ = {
			isa = XCBuildConfiguration;
			buildSettings = {
				ASSETCATALOG_COMPILER_APPICON_NAME = "tvOS App Icon & Top Shelf Image";
				ASSETCATALOG_COMPILER_GLOBAL_ACCENT_COLOR_NAME = AccentColor;
				CODE_SIGN_STYLE = Automatic;
				CURRENT_PROJECT_VERSION = 1;
				DEVELOPMENT_TEAM = YQR2E4PRF4;
				GENERATE_INFOPLIST_FILE = YES;
				INFOPLIST_KEY_UILaunchStoryboardName = LaunchScreen;
				INFOPLIST_KEY_UIMainStoryboardFile = Main;
				INFOPLIST_KEY_UIUserInterfaceStyle = Automatic;
				LD_RUNPATH_SEARCH_PATHS = (
					"$(inherited)",
					"@executable_path/Frameworks",
				);
				MARKETING_VERSION = 1.0;
				PRODUCT_BUNDLE_IDENTIFIER = com.2130studios.ZombieFishing;
				PRODUCT_NAME = ZombieFishing;
				SDKROOT = appletvos;
				SWIFT_EMIT_LOC_STRINGS = YES;
				SWIFT_VERSION = 5.0;
				TARGETED_DEVICE_FAMILY = 3;
				TVOS_DEPLOYMENT_TARGET = 16.0;
				VALIDATE_PRODUCT = YES;
			};
			name = Release;
		};
		A8DD988829BBD17800E89915 /* Debug */ = {
			isa = XCBuildConfiguration;
			buildSettings = {
				ASSETCATALOG_COMPILER_APPICON_NAME = AppIcon;
				ASSETCATALOG_COMPILER_GLOBAL_ACCENT_COLOR_NAME = AccentColor;
				CODE_SIGN_ENTITLEMENTS = "ZombieFishing macOS/ZombieFishing_macOS.entitlements";
				CODE_SIGN_STYLE = Automatic;
				COMBINE_HIDPI_IMAGES = YES;
				CURRENT_PROJECT_VERSION = 1;
				DEVELOPMENT_TEAM = YQR2E4PRF4;
				ENABLE_HARDENED_RUNTIME = YES;
				GENERATE_INFOPLIST_FILE = YES;
				INFOPLIST_KEY_NSHumanReadableCopyright = "";
				INFOPLIST_KEY_NSMainStoryboardFile = Main;
				INFOPLIST_KEY_NSPrincipalClass = NSApplication;
				LD_RUNPATH_SEARCH_PATHS = (
					"$(inherited)",
					"@executable_path/../Frameworks",
				);
				MACOSX_DEPLOYMENT_TARGET = 13.0;
				MARKETING_VERSION = 1.0;
				PRODUCT_BUNDLE_IDENTIFIER = com.2130studios.ZombieFishing;
				PRODUCT_NAME = ZombieFishing;
				SDKROOT = macosx;
				SWIFT_EMIT_LOC_STRINGS = YES;
				SWIFT_VERSION = 5.0;
			};
			name = Debug;
		};
		A8DD988929BBD17800E89915 /* Release */ = {
			isa = XCBuildConfiguration;
			buildSettings = {
				ASSETCATALOG_COMPILER_APPICON_NAME = AppIcon;
				ASSETCATALOG_COMPILER_GLOBAL_ACCENT_COLOR_NAME = AccentColor;
				CODE_SIGN_ENTITLEMENTS = "ZombieFishing macOS/ZombieFishing_macOS.entitlements";
				CODE_SIGN_STYLE = Automatic;
				COMBINE_HIDPI_IMAGES = YES;
				CURRENT_PROJECT_VERSION = 1;
				DEVELOPMENT_TEAM = YQR2E4PRF4;
				ENABLE_HARDENED_RUNTIME = YES;
				GENERATE_INFOPLIST_FILE = YES;
				INFOPLIST_KEY_NSHumanReadableCopyright = "";
				INFOPLIST_KEY_NSMainStoryboardFile = Main;
				INFOPLIST_KEY_NSPrincipalClass = NSApplication;
				LD_RUNPATH_SEARCH_PATHS = (
					"$(inherited)",
					"@executable_path/../Frameworks",
				);
				MACOSX_DEPLOYMENT_TARGET = 13.0;
				MARKETING_VERSION = 1.0;
				PRODUCT_BUNDLE_IDENTIFIER = com.2130studios.ZombieFishing;
				PRODUCT_NAME = ZombieFishing;
				SDKROOT = macosx;
				SWIFT_EMIT_LOC_STRINGS = YES;
				SWIFT_VERSION = 5.0;
			};
			name = Release;
		};
/* End XCBuildConfiguration section */

/* Begin XCConfigurationList section */
		A8DD983E29BBD17700E89915 /* Build configuration list for PBXProject "ZombieFishing" */ = {
			isa = XCConfigurationList;
			buildConfigurations = (
				A8DD987F29BBD17800E89915 /* Debug */,
				A8DD988029BBD17800E89915 /* Release */,
			);
			defaultConfigurationIsVisible = 0;
			defaultConfigurationName = Release;
		};
		A8DD988129BBD17800E89915 /* Build configuration list for PBXNativeTarget "ZombieFishing iOS" */ = {
			isa = XCConfigurationList;
			buildConfigurations = (
				A8DD988229BBD17800E89915 /* Debug */,
				A8DD988329BBD17800E89915 /* Release */,
			);
			defaultConfigurationIsVisible = 0;
			defaultConfigurationName = Release;
		};
		A8DD988429BBD17800E89915 /* Build configuration list for PBXNativeTarget "ZombieFishing tvOS" */ = {
			isa = XCConfigurationList;
			buildConfigurations = (
				A8DD988529BBD17800E89915 /* Debug */,
				A8DD988629BBD17800E89915 /* Release */,
			);
			defaultConfigurationIsVisible = 0;
			defaultConfigurationName = Release;
		};
		A8DD988729BBD17800E89915 /* Build configuration list for PBXNativeTarget "ZombieFishing macOS" */ = {
			isa = XCConfigurationList;
			buildConfigurations = (
				A8DD988829BBD17800E89915 /* Debug */,
				A8DD988929BBD17800E89915 /* Release */,
			);
			defaultConfigurationIsVisible = 0;
			defaultConfigurationName = Release;
		};
/* End XCConfigurationList section */
	};
	rootObject = A8DD983B29BBD17700E89915 /* Project object */;
}
