// !$*UTF8*$!
{
	archiveVersion = 1;
	classes = {
	};
	objectVersion = 56;
	objects = {

/* Begin PBXBuildFile section */
		A8DD984C29BBD17800E89915 /* AppDelegate.swift in Sources */ = {isa = PBXBuildFile; fileRef = A8DD984B29BBD17800E89915 /* AppDelegate.swift */; };
		A8DD984E29BBD17800E89915 /* GameViewController.swift in Sources */ = {isa = PBXBuildFile; fileRef = A8DD984D29BBD17800E89915 /* GameViewController.swift */; };
		A8DD985129BBD17800E89915 /* Main.storyboard in Resources */ = {isa = PBXBuildFile; fileRef = A8DD984F29BBD17800E89915 /* Main.storyboard */; };
		A8DD985429BBD17800E89915 /* LaunchScreen.storyboard in Resources */ = {isa = PBXBuildFile; fileRef = A8DD985229BBD17800E89915 /* LaunchScreen.storyboard */; };
		A8DD985C29BBD17800E89915 /* AppDelegate.swift in Sources */ = {isa = PBXBuildFile; fileRef = A8DD985B29BBD17800E89915 /* AppDelegate.swift */; };
		A8DD985E29BBD17800E89915 /* GameViewController.swift in Sources */ = {isa = PBXBuildFile; fileRef = A8DD985D29BBD17800E89915 /* GameViewController.swift */; };
		A8DD986129BBD17800E89915 /* Main.storyboard in Resources */ = {isa = PBXBuildFile; fileRef = A8DD985F29BBD17800E89915 /* Main.storyboard */; };
		A8DD986429BBD17800E89915 /* LaunchScreen.storyboard in Resources */ = {isa = PBXBuildFile; fileRef = A8DD986229BBD17800E89915 /* LaunchScreen.storyboard */; };
		A8DD986C29BBD17800E89915 /* AppDelegate.swift in Sources */ = {isa = PBXBuildFile; fileRef = A8DD986B29BBD17800E89915 /* AppDelegate.swift */; };
		A8DD986E29BBD17800E89915 /* GameViewController.swift in Sources */ = {isa = PBXBuildFile; fileRef = A8DD986D29BBD17800E89915 /* GameViewController.swift */; };
		A8DD987129BBD17800E89915 /* Main.storyboard in Resources */ = {isa = PBXBuildFile; fileRef = A8DD986F29BBD17800E89915 /* Main.storyboard */; };
		A8DD987329BBD17800E89915 /* Actions.sks in Resources */ = {isa = PBXBuildFile; fileRef = A8DD984029BBD17700E89915 /* Actions.sks */; };
		A8DD987429BBD17800E89915 /* Actions.sks in Resources */ = {isa = PBXBuildFile; fileRef = A8DD984029BBD17700E89915 /* Actions.sks */; };
		A8DD987529BBD17800E89915 /* Actions.sks in Resources */ = {isa = PBXBuildFile; fileRef = A8DD984029BBD17700E89915 /* Actions.sks */; };
		A8DD987629BBD17800E89915 /* GameScene.sks in Resources */ = {isa = PBXBuildFile; fileRef = A8DD984129BBD17700E89915 /* GameScene.sks */; };
		A8DD987729BBD17800E89915 /* GameScene.sks in Resources */ = {isa = PBXBuildFile; fileRef = A8DD984129BBD17700E89915 /* GameScene.sks */; };
		A8DD987829BBD17800E89915 /* GameScene.sks in Resources */ = {isa = PBXBuildFile; fileRef = A8DD984129BBD17700E89915 /* GameScene.sks */; };
		A8DD987929BBD17800E89915 /* GameScene.swift in Sources */ = {isa = PBXBuildFile; fileRef = A8DD984229BBD17700E89915 /* GameScene.swift */; };
		A8DD987A29BBD17800E89915 /* GameScene.swift in Sources */ = {isa = PBXBuildFile; fileRef = A8DD984229BBD17700E89915 /* GameScene.swift */; };
		A8DD987B29BBD17800E89915 /* GameScene.swift in Sources */ = {isa = PBXBuildFile; fileRef = A8DD984229BBD17700E89915 /* GameScene.swift */; };
		A8DD987C29BBD17800E89915 /* Assets.xcassets in Resources */ = {isa = PBXBuildFile; fileRef = A8DD984329BBD17800E89915 /* Assets.xcassets */; };
		A8DD987D29BBD17800E89915 /* Assets.xcassets in Resources */ = {isa = PBXBuildFile; fileRef = A8DD984329BBD17800E89915 /* Assets.xcassets */; };
		A8DD987E29BBD17800E89915 /* Assets.xcassets in Resources */ = {isa = PBXBuildFile; fileRef = A8DD984329BBD17800E89915 /* Assets.xcassets */; };
/* End PBXBuildFile section */

/* Begin PBXFileReference section */
		A8DD984029BBD17700E89915 /* Actions.sks */ = {isa = PBXFileReference; lastKnownFileType = file.sks; path = Actions.sks; sourceTree = "<group>"; };
		A8DD984129BBD17700E89915 /* GameScene.sks */ = {isa = PBXFileReference; lastKnownFileType = file.sks; path = GameScene.sks; sourceTree = "<group>"; };
		A8DD984229BBD17700E89915 /* GameScene.swift */ = {isa = PBXFileReference; lastKnownFileType = sourcecode.swift; path = GameScene.swift; sourceTree = "<group>"; };
		A8DD984329BBD17800E89915 /* Assets.xcassets */ = {isa = PBXFileReference; lastKnownFileType = folder.assetcatalog; path = Assets.xcassets; sourceTree = "<group>"; };
		A8DD984829BBD17800E89915 /* ZombieFishing.app */ = {isa = PBXFileReference; explicitFileType = wrapper.application; includeInIndex = 0; path = ZombieFishing.app; sourceTree = BUILT_PRODUCTS_DIR; };
		A8DD984B29BBD17800E89915 /* AppDelegate.swift */ = {isa = PBXFileReference; lastKnownFileType = sourcecode.swift; path = AppDelegate.swift; sourceTree = "<group>"; };
		A8DD984D29BBD17800E89915 /* GameViewController.swift */ = {isa = PBXFileReference; lastKnownFileType = sourcecode.swift; path = GameViewController.swift; sourceTree = "<group>"; };
		A8DD985029BBD17800E89915 /* Base */ = {isa = PBXFileReference; lastKnownFileType = file.storyboard; name = Base; path = Base.lproj/Main.storyboard; sourceTree = "<group>"; };
		A8DD985329BBD17800E89915 /* Base */ = {isa = PBXFileReference; lastKnownFileType = file.storyboard; name = Base; path = Base.lproj/LaunchScreen.storyboard; sourceTree = "<group>"; };
		A8DD985929BBD17800E89915 /* ZombieFishing.app */ = {isa = PBXFileReference; explicitFileType = wrapper.application; includeInIndex = 0; path = ZombieFishing.app; sourceTree = BUILT_PRODUCTS_DIR; };
		A8DD985B29BBD17800E89915 /* AppDelegate.swift */ = {isa = PBXFileReference; lastKnownFileType = sourcecode.swift; path = AppDelegate.swift; sourceTree = "<group>"; };
		A8DD985D29BBD17800E89915 /* GameViewController.swift */ = {isa = PBXFileReference; lastKnownFileType = sourcecode.swift; path = GameViewController.swift; sourceTree = "<group>"; };
		A8DD986029BBD17800E89915 /* Base */ = {isa = PBXFileReference; lastKnownFileType = file.storyboard; name = Base; path = Base.lproj/Main.storyboard; sourceTree = "<group>"; };
		A8DD986329BBD17800E89915 /* Base */ = {isa = PBXFileReference; lastKnownFileType = file.storyboard; name = Base; path = Base.lproj/LaunchScreen.storyboard; sourceTree = "<group>"; };
		A8DD986929BBD17800E89915 /* ZombieFishing.app */ = {isa = PBXFileReference; explicitFileType = wrapper.application; includeInIndex = 0; path = ZombieFishing.app; sourceTree = BUILT_PRODUCTS_DIR; };
		A8DD986B29BBD17800E89915 /* AppDelegate.swift */ = {isa = PBXFileReference; lastKnownFileType = sourcecode.swift; path = AppDelegate.swift; sourceTree = "<group>"; };
		A8DD986D29BBD17800E89915 /* GameViewController.swift */ = {isa = PBXFileReference; lastKnownFileType = sourcecode.swift; path = GameViewController.swift; sourceTree = "<group>"; };
		A8DD987029BBD17800E89915 /* Base */ = {isa = PBXFileReference; lastKnownFileType = file.storyboard; name = Base; path = Base.lproj/Main.storyboard; sourceTree = "<group>"; };
		A8DD987229BBD17800E89915 /* ZombieFishing_macOS.entitlements */ = {isa = PBXFileReference; lastKnownFileType = text.plist.entitlements; path = ZombieFishing_macOS.entitlements; sourceTree = "<group>"; };
/* End PBXFileReference section */

/* Begin PBXFrameworksBuildPhase section */
		A8DD984529BBD17800E89915 /* Frameworks */ = {
			isa = PBXFrameworksBuildPhase;
			buildActionMask = 2147483647;
			files = (
			);
			runOnlyForDeploymentPostprocessing = 0;
		};
		A8DD985629BBD17800E89915 /* Frameworks */ = {
			isa = PBXFrameworksBuildPhase;
			buildActionMask = 2147483647;
			files = (
			);
			runOnlyForDeploymentPostprocessing = 0;
		};
		A8DD986629BBD17800E89915 /* Frameworks */ = {
			isa = PBXFrameworksBuildPhase;
			buildActionMask = 2147483647;
			files = (
			);
			runOnlyForDeploymentPostprocessing = 0;
		};
/* End PBXFrameworksBuildPhase section */

/* Begin PBXGroup section */
		A8DD983A29BBD17700E89915 = {
			isa = PBXGroup;
			children = (
				A8DD983F29BBD17700E89915 /* ZombieFishing Shared */,
				A8DD984A29BBD17800E89915 /* ZombieFishing iOS */,
				A8DD985A29BBD17800E89915 /* ZombieFishing tvOS */,
				A8DD986A29BBD17800E89915 /* ZombieFishing macOS */,
				A8DD984929BBD17800E89915 /* Products */,
			);
			sourceTree = "<group>";
		};
		A8DD983F29BBD17700E89915 /* ZombieFishing Shared */ = {
			isa = PBXGroup;
			children = (
				A8DD984029BBD17700E89915 /* Actions.sks */,
				A8DD984129BBD17700E89915 /* GameScene.sks */,
				A8DD984229BBD17700E89915 /* GameScene.swift */,
				A8DD984329BBD17800E89915 /* Assets.xcassets */,
			);
			path = "ZombieFishing Shared";
			sourceTree = "<group>";
		};
		A8DD984929BBD17800E89915 /* Products */ = {
			isa = PBXGroup;
			children = (
				A8DD984829BBD17800E89915 /* ZombieFishing.app */,
				A8DD985929BBD17800E89915 /* ZombieFishing.app */,
				A8DD986929BBD17800E89915 /* ZombieFishing.app */,
			);
			name = Products;
			sourceTree = "<group>";
		};
		A8DD984A29BBD17800E89915 /* ZombieFishing iOS */ = {
			isa = PBXGroup;
			children = (
				A8DD984B29BBD17800E89915 /* AppDelegate.swift */,
				A8DD984D29BBD17800E89915 /* GameViewController.swift */,
				A8DD984F29BBD17800E89915 /* Main.storyboard */,
				A8DD985229BBD17800E89915 /* LaunchScreen.storyboard */,
			);
			path = "ZombieFishing iOS";
			sourceTree = "<group>";
		};
		A8DD985A29BBD17800E89915 /* ZombieFishing tvOS */ = {
			isa = PBXGroup;
			children = (
				A8DD985B29BBD17800E89915 /* AppDelegate.swift */,
				A8DD985D29BBD17800E89915 /* GameViewController.swift */,
				A8DD985F29BBD17800E89915 /* Main.storyboard */,
				A8DD986229BBD17800E89915 /* LaunchScreen.storyboard */,
			);
			path = "ZombieFishing tvOS";
			sourceTree = "<group>";
		};
		A8DD986A29BBD17800E89915 /* ZombieFishing macOS */ = {
			isa = PBXGroup;
			children = (
				A8DD986B29BBD17800E89915 /* AppDelegate.swift */,
				A8DD986D29BBD17800E89915 /* GameViewController.swift */,
				A8DD986F29BBD17800E89915 /* Main.storyboard */,
				A8DD987229BBD17800E89915 /* ZombieFishing_macOS.entitlements */,
			);
			path = "ZombieFishing macOS";
			sourceTree = "<group>";
		};
/* End PBXGroup section */

/* Begin PBXNativeTarget section */
		A8DD984729BBD17800E89915 /* ZombieFishing iOS */ = {
			isa = PBXNativeTarget;
			buildConfigurationList = A8DD988129BBD17800E89915 /* Build configuration list for PBXNativeTarget "ZombieFishing iOS" */;
			buildPhases = (
				A8DD984429BBD17800E89915 /* Sources */,
				A8DD984529BBD17800E89915 /* Frameworks */,
				A8DD984629BBD17800E89915 /* Resources */,
			);
			buildRules = (
			);
			dependencies = (
			);
			name = "ZombieFishing iOS";
			productName = "ZombieFishing iOS";
			productReference = A8DD984829BBD17800E89915 /* ZombieFishing.app */;
			productType = "com.apple.product-type.application";
		};
		A8DD985829BBD17800E89915 /* ZombieFishing tvOS */ = {
			isa = PBXNativeTarget;
			buildConfigurationList = A8DD988429BBD17800E89915 /* Build configuration list for PBXNativeTarget "ZombieFishing tvOS" */;
			buildPhases = (
				A8DD985529BBD17800E89915 /* Sources */,
				A8DD985629BBD17800E89915 /* Frameworks */,
				A8DD985729BBD17800E89915 /* Resources */,
			);
			buildRules = (
			);
			dependencies = (
			);
			name = "ZombieFishing tvOS";
			productName = "ZombieFishing tvOS";
			productReference = A8DD985929BBD17800E89915 /* ZombieFishing.app */;
			productType = "com.apple.product-type.application";
		};
		A8DD986829BBD17800E89915 /* ZombieFishing macOS */ = {
			isa = PBXNativeTarget;
			buildConfigurationList = A8DD988729BBD17800E89915 /* Build configuration list for PBXNativeTarget "ZombieFishing macOS" */;
			buildPhases = (
				A8DD986529BBD17800E89915 /* Sources */,
				A8DD986629BBD17800E89915 /* Frameworks */,
				A8DD986729BBD17800E89915 /* Resources */,
			);
			buildRules = (
			);
			dependencies = (
			);
			name = "ZombieFishing macOS";
			productName = "ZombieFishing macOS";
			productReference = A8DD986929BBD17800E89915 /* ZombieFishing.app */;
			productType = "com.apple.product-type.application";
		};
/* End PBXNativeTarget section */

/* Begin PBXProject section */
		A8DD983B29BBD17700E89915 /* Project object */ = {
			isa = PBXProject;
			attributes = {
				BuildIndependentTargetsInParallel = 1;
				LastSwiftUpdateCheck = 1430;
				LastUpgradeCheck = 1430;
				TargetAttributes = {
					A8DD984729BBD17800E89915 = {
						CreatedOnToolsVersion = 14.3;
					};
					A8DD985829BBD17800E89915 = {
						CreatedOnToolsVersion = 14.3;
					};
					A8DD986829BBD17800E89915 = {
						CreatedOnToolsVersion = 14.3;
					};
				};
			};
			buildConfigurationList = A8DD983E29BBD17700E89915 /* Build configuration list for PBXProject "ZombieFishing" */;
			compatibilityVersion = "Xcode 14.0";
			developmentRegion = en;
			hasScannedForEncodings = 0;
			knownRegions = (
				en,
				Base,
			);
			mainGroup = A8DD983A29BBD17700E89915;
			productRefGroup = A8DD984929BBD17800E89915 /* Products */;
			projectDirPath = "";
			projectRoot = "";
			targets = (
				A8DD984729BBD17800E89915 /* ZombieFishing iOS */,
				A8DD985829BBD17800E89915 /* ZombieFishing tvOS */,
				A8DD986829BBD17800E89915 /* ZombieFishing macOS */,
			);
		};
/* End PBXProject section */

/* Begin PBXResourcesBuildPhase section */
		A8DD984629BBD17800E89915 /* Resources */ = {
			isa = PBXResourcesBuildPhase;
			buildActionMask = 2147483647;
			files = (
				A8DD987629BBD17800E89915 /* GameScene.sks in Resources */,
				A8DD985129BBD17800E89915 /* Main.storyboard in Resources */,
				A8DD987329BBD17800E89915 /* Actions.sks in Resources */,
				A8DD985429BBD17800E89915 /* LaunchScreen.storyboard in Resources */,
				A8DD987C29BBD17800E89915 /* Assets.xcassets in Resources */,
			);
			runOnlyForDeploymentPostprocessing = 0;
		};
		A8DD985729BBD17800E89915 /* Resources */ = {
			isa = PBXResourcesBuildPhase;
			buildActionMask = 2147483647;
			files = (
				A8DD987729BBD17800E89915 /* GameScene.sks in Resources */,
				A8DD986129BBD17800E89915 /* Main.storyboard in Resources */,
				A8DD987429BBD17800E89915 /* Actions.sks in Resources */,
				A8DD986429BBD17800E89915 /* LaunchScreen.storyboard in Resources */,
				A8DD987D29BBD17800E89915 /* Assets.xcassets in Resources */,
			);
			runOnlyForDeploymentPostprocessing = 0;
		};
		A8DD986729BBD17800E89915 /* Resources */ = {
			isa = PBXResourcesBuildPhase;
			buildActionMask = 2147483647;
			files = (
				A8DD987129BBD17800E89915 /* Main.storyboard in Resources */,
				A8DD987829BBD17800E89915 /* GameScene.sks in Resources */,
				A8DD987E29BBD17800E89915 /* Assets.xcassets in Resources */,
				A8DD987529BBD17800E89915 /* Actions.sks in Resources */,
			);
			runOnlyForDeploymentPostprocessing = 0;
		};
/* End PBXResourcesBuildPhase section */

/* Begin PBXSourcesBuildPhase section */
		A8DD984429BBD17800E89915 /* Sources */ = {
			isa = PBXSourcesBuildPhase;
			buildActionMask = 2147483647;
			files = (
				A8DD987929BBD17800E89915 /* GameScene.swift in Sources */,
				A8DD984E29BBD17800E89915 /* GameViewController.swift in Sources */,
				A8DD984C29BBD17800E89915 /* AppDelegate.swift in Sources */,
			);
			runOnlyForDeploymentPostprocessing = 0;
		};
		A8DD985529BBD17800E89915 /* Sources */ = {
			isa = PBXSourcesBuildPhase;
			buildActionMask = 2147483647;
			files = (
				A8DD987A29BBD17800E89915 /* GameScene.swift in Sources */,
				A8DD985E29BBD17800E89915 /* GameViewController.swift in Sources */,
				A8DD985C29BBD17800E89915 /* AppDelegate.swift in Sources */,
			);
			runOnlyForDeploymentPostprocessing = 0;
		};
		A8DD986529BBD17800E89915 /* Sources */ = {
			isa = PBXSourcesBuildPhase;
			buildActionMask = 2147483647;
			files = (
				A8DD987B29BBD17800E89915 /* GameScene.swift in Sources */,
				A8DD986E29BBD17800E89915 /* GameViewController.swift in Sources */,
				A8DD986C29BBD17800E89915 /* AppDelegate.swift in Sources */,
			);
			runOnlyForDeploymentPostprocessing = 0;
		};
/* End PBXSourcesBuildPhase section */

/* Begin PBXVariantGroup section */
		A8DD984F29BBD17800E89915 /* Main.storyboard */ = {
			isa = PBXVariantGroup;
			children = (
				A8DD985029BBD17800E89915 /* Base */,
			);
			name = Main.storyboard;
			sourceTree = "<group>";
		};
		A8DD985229BBD17800E89915 /* LaunchScreen.storyboard */ = {
			isa = PBXVariantGroup;
			children = (
				A8DD985329BBD17800E89915 /* Base */,
			);
			name = LaunchScreen.storyboard;
			sourceTree = "<group>";
		};
		A8DD985F29BBD17800E89915 /* Main.storyboard */ = {
			isa = PBXVariantGroup;
			children = (
				A8DD986029BBD17800E89915 /* Base */,
			);
			name = Main.storyboard;
			sourceTree = "<group>";
		};
		A8DD986229BBD17800E89915 /* LaunchScreen.storyboard */ = {
			isa = PBXVariantGroup;
			children = (
				A8DD986329BBD17800E89915 /* Base */,
			);
			name = LaunchScreen.storyboard;
			sourceTree = "<group>";
		};
		A8DD986F29BBD17800E89915 /* Main.storyboard */ = {
			isa = PBXVariantGroup;
			children = (
				A8DD987029BBD17800E89915 /* Base */,
			);
			name = Main.storyboard;
			sourceTree = "<group>";
		};
/* End PBXVariantGroup section */

/* Begin XCBuildConfiguration section */
		A8DD987F29BBD17800E89915 /* Debug */ = {
			isa = XCBuildConfiguration;
			buildSettings = {
				ALWAYS_SEARCH_USER_PATHS = NO;
				CLANG_ANALYZER_NONNULL = YES;
				CLANG_ANALYZER_NUMBER_OBJECT_CONVERSION = YES_AGGRESSIVE;
				CLANG_CXX_LANGUAGE_STANDARD = "gnu++20";
				CLANG_ENABLE_MODULES = YES;
				CLANG_ENABLE_OBJC_ARC = YES;
				CLANG_ENABLE_OBJC_WEAK = YES;
				CLANG_WARN_BLOCK_CAPTURE_AUTORELEASING = YES;
				CLANG_WARN_BOOL_CONVERSION = YES;
				CLANG_WARN_COMMA = YES;
				CLANG_WARN_CONSTANT_CONVERSION = YES;
				CLANG_WARN_DEPRECATED_OBJC_IMPLEMENTATIONS = YES;
				CLANG_WARN_DIRECT_OBJC_ISA_USAGE = YES_ERROR;
				CLANG_WARN_DOCUMENTATION_COMMENTS = YES;
				CLANG_WARN_EMPTY_BODY = YES;
				CLANG_WARN_ENUM_CONVERSION = YES;
				CLANG_WARN_INFINITE_RECURSION = YES;
				CLANG_WARN_INT_CONVERSION = YES;
				CLANG_WARN_NON_LITERAL_NULL_CONVERSION = YES;
				CLANG_WARN_OBJC_IMPLICIT_RETAIN_SELF = YES;
				CLANG_WARN_OBJC_LITERAL_CONVERSION = YES;
				CLANG_WARN_OBJC_ROOT_CLASS = YES_ERROR;
				CLANG_WARN_QUOTED_INCLUDE_IN_FRAMEWORK_HEADER = YES;
				CLANG_WARN_RANGE_LOOP_ANALYSIS = YES;
				CLANG_WARN_STRICT_PROTOTYPES = YES;
				CLANG_WARN_SUSPICIOUS_MOVE = YES;
				CLANG_WARN_UNGUARDED_AVAILABILITY = YES_AGGRESSIVE;
				CLANG_WARN_UNREACHABLE_CODE = YES;
				CLANG_WARN__DUPLICATE_METHOD_MATCH = YES;
				COPY_PHASE_STRIP = NO;
				DEBUG_INFORMATION_FORMAT = dwarf;
				ENABLE_STRICT_OBJC_MSGSEND = YES;
				ENABLE_TESTABILITY = YES;
				GCC_C_LANGUAGE_STANDARD = gnu11;
				GCC_DYNAMIC_NO_PIC = NO;
				GCC_NO_COMMON_BLOCKS = YES;
				GCC_OPTIMIZATION_LEVEL = 0;
				GCC_PREPROCESSOR_DEFINITIONS = (
					"DEBUG=1",
					"$(inherited)",
				);
				GCC_WARN_64_TO_32_BIT_CONVERSION = YES;
				GCC_WARN_ABOUT_RETURN_TYPE = YES_ERROR;
				GCC_WARN_UNDECLARED_SELECTOR = YES;
				GCC_WARN_UNINITIALIZED_AUTOS = YES_AGGRESSIVE;
				GCC_WARN_UNUSED_FUNCTION = YES;
				GCC_WARN_UNUSED_VARIABLE = YES;
				MTL_ENABLE_DEBUG_INFO = INCLUDE_SOURCE;
				MTL_FAST_MATH = YES;
				ONLY_ACTIVE_ARCH = YES;
				SWIFT_ACTIVE_COMPILATION_CONDITIONS = DEBUG;
				SWIFT_OPTIMIZATION_LEVEL = "-Onone";
			};
			name = Debug;
		};
		A8DD988029BBD17800E89915 /* Release */ = {
			isa = XCBuildConfiguration;
			buildSettings = {
				ALWAYS_SEARCH_USER_PATHS = NO;
				CLANG_ANALYZER_NONNULL = YES;
				CLANG_ANALYZER_NUMBER_OBJECT_CONVERSION = YES_AGGRESSIVE;
				CLANG_CXX_LANGUAGE_STANDARD = "gnu++20";
				CLANG_ENABLE_MODULES = YES;
				CLANG_ENABLE_OBJC_ARC = YES;
				CLANG_ENABLE_OBJC_WEAK = YES;
				CLANG_WARN_BLOCK_CAPTURE_AUTORELEASING = YES;
				CLANG_WARN_BOOL_CONVERSION = YES;
				CLANG_WARN_COMMA = YES;
				CLANG_WARN_CONSTANT_CONVERSION = YES;
				CLANG_WARN_DEPRECATED_OBJC_IMPLEMENTATIONS = YES;
				CLANG_WARN_DIRECT_OBJC_ISA_USAGE = YES_ERROR;
				CLANG_WARN_DOCUMENTATION_COMMENTS = YES;
				CLANG_WARN_EMPTY_BODY = YES;
				CLANG_WARN_ENUM_CONVERSION = YES;
				CLANG_WARN_INFINITE_RECURSION = YES;
				CLANG_WARN_INT_CONVERSION = YES;
				CLANG_WARN_NON_LITERAL_NULL_CONVERSION = YES;
				CLANG_WARN_OBJC_IMPLICIT_RETAIN_SELF = YES;
				CLANG_WARN_OBJC_LITERAL_CONVERSION = YES;
				CLANG_WARN_OBJC_ROOT_CLASS = YES_ERROR;
				CLANG_WARN_QUOTED_INCLUDE_IN_FRAMEWORK_HEADER = YES;
				CLANG_WARN_RANGE_LOOP_ANALYSIS = YES;
				CLANG_WARN_STRICT_PROTOTYPES = YES;
				CLANG_WARN_SUSPICIOUS_MOVE = YES;
				CLANG_WARN_UNGUARDED_AVAILABILITY = YES_AGGRESSIVE;
				CLANG_WARN_UNREACHABLE_CODE = YES;
				CLANG_WARN__DUPLICATE_METHOD_MATCH = YES;
				COPY_PHASE_STRIP = NO;
				DEBUG_INFORMATION_FORMAT = "dwarf-with-dsym";
				ENABLE_NS_ASSERTIONS = NO;
				ENABLE_STRICT_OBJC_MSGSEND = YES;
				GCC_C_LANGUAGE_STANDARD = gnu11;
				GCC_NO_COMMON_BLOCKS = YES;
				GCC_WARN_64_TO_32_BIT_CONVERSION = YES;
				GCC_WARN_ABOUT_RETURN_TYPE = YES_ERROR;
				GCC_WARN_UNDECLARED_SELECTOR = YES;
				GCC_WARN_UNINITIALIZED_AUTOS = YES_AGGRESSIVE;
				GCC_WARN_UNUSED_FUNCTION = YES;
				GCC_WARN_UNUSED_VARIABLE = YES;
				MTL_ENABLE_DEBUG_INFO = NO;
				MTL_FAST_MATH = YES;
				SWIFT_COMPILATION_MODE = wholemodule;
				SWIFT_OPTIMIZATION_LEVEL = "-O";
			};
			name = Release;
		};
		A8DD988229BBD17800E89915 /* Debug */ = {
			isa = XCBuildConfiguration;
			buildSettings = {
				ASSETCATALOG_COMPILER_APPICON_NAME = AppIcon;
				ASSETCATALOG_COMPILER_GLOBAL_ACCENT_COLOR_NAME = AccentColor;
				CODE_SIGN_STYLE = Automatic;
				CURRENT_PROJECT_VERSION = 1;
				DEVELOPMENT_TEAM = YQR2E4PRF4;
				GENERATE_INFOPLIST_FILE = YES;
				INFOPLIST_KEY_UIApplicationSupportsIndirectInputEvents = YES;
				INFOPLIST_KEY_UILaunchStoryboardName = LaunchScreen;
				INFOPLIST_KEY_UIMainStoryboardFile = Main;
				INFOPLIST_KEY_UIStatusBarHidden = YES;
				INFOPLIST_KEY_UISupportedInterfaceOrientations_iPad = "UIInterfaceOrientationPortrait UIInterfaceOrientationPortraitUpsideDown UIInterfaceOrientationLandscapeLeft UIInterfaceOrientationLandscapeRight";
				INFOPLIST_KEY_UISupportedInterfaceOrientations_iPhone = "UIInterfaceOrientationPortrait UIInterfaceOrientationLandscapeLeft UIInterfaceOrientationLandscapeRight";
				IPHONEOS_DEPLOYMENT_TARGET = 16.4;
				LD_RUNPATH_SEARCH_PATHS = (
					"$(inherited)",
					"@executable_path/Frameworks",
				);
				MARKETING_VERSION = 1.0;
				PRODUCT_BUNDLE_IDENTIFIER = com.2130studios.ZombieFishing;
				PRODUCT_NAME = ZombieFishing;
				SDKROOT = iphoneos;
				SWIFT_EMIT_LOC_STRINGS = YES;
				SWIFT_VERSION = 5.0;
				TARGETED_DEVICE_FAMILY = "1,2";
			};
			name = Debug;
		};
		A8DD988329BBD17800E89915 /* Release */ = {
			isa = XCBuildConfiguration;
			buildSettings = {
				ASSETCATALOG_COMPILER_APPICON_NAME = AppIcon;
				ASSETCATALOG_COMPILER_GLOBAL_ACCENT_COLOR_NAME = AccentColor;
				CODE_SIGN_STYLE = Automatic;
				CURRENT_PROJECT_VERSION = 1;
				DEVELOPMENT_TEAM = YQR2E4PRF4;
				GENERATE_INFOPLIST_FILE = YES;
				INFOPLIST_KEY_UIApplicationSupportsIndirectInputEvents = YES;
				INFOPLIST_KEY_UILaunchStoryboardName = LaunchScreen;
				INFOPLIST_KEY_UIMainStoryboardFile = Main;
				INFOPLIST_KEY_UIStatusBarHidden = YES;
				INFOPLIST_KEY_UISupportedInterfaceOrientations_iPad = "UIInterfaceOrientationPortrait UIInterfaceOrientationPortraitUpsideDown UIInterfaceOrientationLandscapeLeft UIInterfaceOrientationLandscapeRight";
				INFOPLIST_KEY_UISupportedInterfaceOrientations_iPhone = "UIInterfaceOrientationPortrait UIInterfaceOrientationLandscapeLeft UIInterfaceOrientationLandscapeRight";
				IPHONEOS_DEPLOYMENT_TARGET = 16.4;
				LD_RUNPATH_SEARCH_PATHS = (
					"$(inherited)",
					"@executable_path/Frameworks",
				);
				MARKETING_VERSION = 1.0;
				PRODUCT_BUNDLE_IDENTIFIER = com.2130studios.ZombieFishing;
				PRODUCT_NAME = ZombieFishing;
				SDKROOT = iphoneos;
				SWIFT_EMIT_LOC_STRINGS = YES;
				SWIFT_VERSION = 5.0;
				TARGETED_DEVICE_FAMILY = "1,2";
				VALIDATE_PRODUCT = YES;
			};
			name = Release;
		};
		A8DD988529BBD17800E89915 /* Debug */ = {
			isa = XCBuildConfiguration;
			buildSettings = {
				ASSETCATALOG_COMPILER_APPICON_NAME = "tvOS App Icon & Top Shelf Image";
				ASSETCATALOG_COMPILER_GLOBAL_ACCENT_COLOR_NAME = AccentColor;
				CODE_SIGN_STYLE = Automatic;
				CURRENT_PROJECT_VERSION = 1;
				DEVELOPMENT_TEAM = YQR2E4PRF4;
				GENERATE_INFOPLIST_FILE = YES;
				INFOPLIST_KEY_UILaunchStoryboardName = LaunchScreen;
				INFOPLIST_KEY_UIMainStoryboardFile = Main;
				INFOPLIST_KEY_UIUserInterfaceStyle = Automatic;
				LD_RUNPATH_SEARCH_PATHS = (
					"$(inherited)",
					"@executable_path/Frameworks",
				);
				MARKETING_VERSION = 1.0;
				PRODUCT_BUNDLE_IDENTIFIER = com.2130studios.ZombieFishing;
				PRODUCT_NAME = ZombieFishing;
				SDKROOT = appletvos;
				SWIFT_EMIT_LOC_STRINGS = YES;
				SWIFT_VERSION = 5.0;
				TARGETED_DEVICE_FAMILY = 3;
				TVOS_DEPLOYMENT_TARGET = 16.4;
			};
			name = Debug;
		};
		A8DD988629BBD17800E89915 /* Release */ = {
			isa = XCBuildConfiguration;
			buildSettings = {
				ASSETCATALOG_COMPILER_APPICON_NAME = "tvOS App Icon & Top Shelf Image";
				ASSETCATALOG_COMPILER_GLOBAL_ACCENT_COLOR_NAME = AccentColor;
				CODE_SIGN_STYLE = Automatic;
				CURRENT_PROJECT_VERSION = 1;
				DEVELOPMENT_TEAM = YQR2E4PRF4;
				GENERATE_INFOPLIST_FILE = YES;
				INFOPLIST_KEY_UILaunchStoryboardName = LaunchScreen;
				INFOPLIST_KEY_UIMainStoryboardFile = Main;
				INFOPLIST_KEY_UIUserInterfaceStyle = Automatic;
				LD_RUNPATH_SEARCH_PATHS = (
					"$(inherited)",
					"@executable_path/Frameworks",
				);
				MARKETING_VERSION = 1.0;
				PRODUCT_BUNDLE_IDENTIFIER = com.2130studios.ZombieFishing;
				PRODUCT_NAME = ZombieFishing;
				SDKROOT = appletvos;
				SWIFT_EMIT_LOC_STRINGS = YES;
				SWIFT_VERSION = 5.0;
				TARGETED_DEVICE_FAMILY = 3;
				TVOS_DEPLOYMENT_TARGET = 16.4;
				VALIDATE_PRODUCT = YES;
			};
			name = Release;
		};
		A8DD988829BBD17800E89915 /* Debug */ = {
			isa = XCBuildConfiguration;
			buildSettings = {
				ASSETCATALOG_COMPILER_APPICON_NAME = AppIcon;
				ASSETCATALOG_COMPILER_GLOBAL_ACCENT_COLOR_NAME = AccentColor;
				CODE_SIGN_ENTITLEMENTS = "ZombieFishing macOS/ZombieFishing_macOS.entitlements";
				CODE_SIGN_STYLE = Automatic;
				COMBINE_HIDPI_IMAGES = YES;
				CURRENT_PROJECT_VERSION = 1;
				DEVELOPMENT_TEAM = YQR2E4PRF4;
				ENABLE_HARDENED_RUNTIME = YES;
				GENERATE_INFOPLIST_FILE = YES;
				INFOPLIST_KEY_NSHumanReadableCopyright = "";
				INFOPLIST_KEY_NSMainStoryboardFile = Main;
				INFOPLIST_KEY_NSPrincipalClass = NSApplication;
				LD_RUNPATH_SEARCH_PATHS = (
					"$(inherited)",
					"@executable_path/../Frameworks",
				);
				MACOSX_DEPLOYMENT_TARGET = 13.3;
				MARKETING_VERSION = 1.0;
				PRODUCT_BUNDLE_IDENTIFIER = com.2130studios.ZombieFishing;
				PRODUCT_NAME = ZombieFishing;
				SDKROOT = macosx;
				SWIFT_EMIT_LOC_STRINGS = YES;
				SWIFT_VERSION = 5.0;
			};
			name = Debug;
		};
		A8DD988929BBD17800E89915 /* Release */ = {
			isa = XCBuildConfiguration;
			buildSettings = {
				ASSETCATALOG_COMPILER_APPICON_NAME = AppIcon;
				ASSETCATALOG_COMPILER_GLOBAL_ACCENT_COLOR_NAME = AccentColor;
				CODE_SIGN_ENTITLEMENTS = "ZombieFishing macOS/ZombieFishing_macOS.entitlements";
				CODE_SIGN_STYLE = Automatic;
				COMBINE_HIDPI_IMAGES = YES;
				CURRENT_PROJECT_VERSION = 1;
				DEVELOPMENT_TEAM = YQR2E4PRF4;
				ENABLE_HARDENED_RUNTIME = YES;
				GENERATE_INFOPLIST_FILE = YES;
				INFOPLIST_KEY_NSHumanReadableCopyright = "";
				INFOPLIST_KEY_NSMainStoryboardFile = Main;
				INFOPLIST_KEY_NSPrincipalClass = NSApplication;
				LD_RUNPATH_SEARCH_PATHS = (
					"$(inherited)",
					"@executable_path/../Frameworks",
				);
				MACOSX_DEPLOYMENT_TARGET = 13.3;
				MARKETING_VERSION = 1.0;
				PRODUCT_BUNDLE_IDENTIFIER = com.2130studios.ZombieFishing;
				PRODUCT_NAME = ZombieFishing;
				SDKROOT = macosx;
				SWIFT_EMIT_LOC_STRINGS = YES;
				SWIFT_VERSION = 5.0;
			};
			name = Release;
		};
/* End XCBuildConfiguration section */

/* Begin XCConfigurationList section */
		A8DD983E29BBD17700E89915 /* Build configuration list for PBXProject "ZombieFishing" */ = {
			isa = XCConfigurationList;
			buildConfigurations = (
				A8DD987F29BBD17800E89915 /* Debug */,
				A8DD988029BBD17800E89915 /* Release */,
			);
			defaultConfigurationIsVisible = 0;
			defaultConfigurationName = Release;
		};
		A8DD988129BBD17800E89915 /* Build configuration list for PBXNativeTarget "ZombieFishing iOS" */ = {
			isa = XCConfigurationList;
			buildConfigurations = (
				A8DD988229BBD17800E89915 /* Debug */,
				A8DD988329BBD17800E89915 /* Release */,
			);
			defaultConfigurationIsVisible = 0;
			defaultConfigurationName = Release;
		};
		A8DD988429BBD17800E89915 /* Build configuration list for PBXNativeTarget "ZombieFishing tvOS" */ = {
			isa = XCConfigurationList;
			buildConfigurations = (
				A8DD988529BBD17800E89915 /* Debug */,
				A8DD988629BBD17800E89915 /* Release */,
			);
			defaultConfigurationIsVisible = 0;
			defaultConfigurationName = Release;
		};
		A8DD988729BBD17800E89915 /* Build configuration list for PBXNativeTarget "ZombieFishing macOS" */ = {
			isa = XCConfigurationList;
			buildConfigurations = (
				A8DD988829BBD17800E89915 /* Debug */,
				A8DD988929BBD17800E89915 /* Release */,
			);
			defaultConfigurationIsVisible = 0;
			defaultConfigurationName = Release;
		};
/* End XCConfigurationList section */
	};
	rootObject = A8DD983B29BBD17700E89915 /* Project object */;
}
